PODS:
  - AFNetworking (4.0.1):
    - AFNetworking/NSURLSession (= 4.0.1)
    - AFNetworking/Reachability (= 4.0.1)
    - AFNetworking/Security (= 4.0.1)
    - AFNetworking/Serialization (= 4.0.1)
    - AFNetworking/UIKit (= 4.0.1)
  - AFNetworking/NSURLSession (4.0.1):
    - AFNetworking/Reachability
    - AFNetworking/Security
    - AFNetworking/Serialization
  - AFNetworking/Reachability (4.0.1)
  - AFNetworking/Security (4.0.1)
  - AFNetworking/Serialization (4.0.1)
  - AFNetworking/UIKit (4.0.1):
    - AFNetworking/NSURLSession
  - Canvas (0.1.2)
  - CountryPickerSwift (1.8.2)
  - CurrencyTextField (2.3)
  - FloatingPanel (2.8.1)
  - Google-Mobile-Ads-SDK (10.14.0):
    - GoogleAppMeasurement (< 11.0, >= 7.0)
    - GoogleUserMessagingPlatform (>= 1.1)
  - GoogleAppMeasurement (10.19.0):
    - GoogleAppMeasurement/AdIdSupport (= 10.19.0)
    - GoogleUtilities/AppDelegateSwizzler (~> 7.11)
    - GoogleUtilities/MethodSwizzler (~> 7.11)
    - GoogleUtilities/Network (~> 7.11)
    - "GoogleUtilities/NSData+zlib (~> 7.11)"
    - nanopb (< 2.30910.0, >= 2.30908.0)
  - GoogleAppMeasurement/AdIdSupport (10.19.0):
    - GoogleAppMeasurement/WithoutAdIdSupport (= 10.19.0)
    - GoogleUtilities/AppDelegateSwizzler (~> 7.11)
    - GoogleUtilities/MethodSwizzler (~> 7.11)
    - GoogleUtilities/Network (~> 7.11)
    - "GoogleUtilities/NSData+zlib (~> 7.11)"
    - nanopb (< 2.30910.0, >= 2.30908.0)
  - GoogleAppMeasurement/WithoutAdIdSupport (10.19.0):
    - GoogleUtilities/AppDelegateSwizzler (~> 7.11)
    - GoogleUtilities/MethodSwizzler (~> 7.11)
    - GoogleUtilities/Network (~> 7.11)
    - "GoogleUtilities/NSData+zlib (~> 7.11)"
    - nanopb (< 2.30910.0, >= 2.30908.0)
  - GoogleUserMessagingPlatform (2.1.0)
  - GoogleUtilities/AppDelegateSwizzler (7.12.0):
    - GoogleUtilities/Environment
    - GoogleUtilities/Logger
    - GoogleUtilities/Network
  - GoogleUtilities/Environment (7.12.0):
    - PromisesObjC (< 3.0, >= 1.2)
  - GoogleUtilities/Logger (7.12.0):
    - GoogleUtilities/Environment
  - GoogleUtilities/MethodSwizzler (7.12.0):
    - GoogleUtilities/Logger
  - GoogleUtilities/Network (7.12.0):
    - GoogleUtilities/Logger
    - "GoogleUtilities/NSData+zlib"
    - GoogleUtilities/Reachability
  - "GoogleUtilities/NSData+zlib (7.12.0)"
  - GoogleUtilities/Reachability (7.12.0):
    - GoogleUtilities/Logger
  - MapboxCommon (23.8.5)
  - MapboxCoreMaps (10.16.3):
    - MapboxCommon (~> 23.8)
  - MapboxDirections (2.11.1):
    - Polyline (~> 5.0)
    - Turf (~> 2.6.1)
  - MapboxGeocoder.swift (0.15.0)
  - MapboxMaps (10.16.3):
    - MapboxCommon (= 23.8.5)
    - MapboxCoreMaps (= 10.16.3)
    - MapboxMobileEvents (= 1.0.10)
    - Turf (~> 2.0)
  - MapboxMobileEvents (1.0.10)
  - MapboxSearch (1.0.0-rc.8):
    - MapboxCommon (~> 23.6)
  - MapboxSearchUI (1.0.0-rc.8):
    - MapboxSearch (< 2.0, >= 1.0.0-rc.8)
  - MaterialComponents/AnimationTiming (124.2.0)
  - MaterialComponents/Availability (124.2.0)
  - MaterialComponents/Buttons (124.2.0):
    - MaterialComponents/Elevation
    - MaterialComponents/Ink
    - MaterialComponents/private/Math
    - MaterialComponents/Ripple
    - MaterialComponents/Shadow
    - MaterialComponents/ShadowElevations
    - MaterialComponents/ShadowLayer
    - MaterialComponents/ShapeLibrary
    - MaterialComponents/Shapes
    - MaterialComponents/Typography
    - MDFInternationalization
    - MDFTextAccessibility
  - MaterialComponents/Elevation (124.2.0):
    - MaterialComponents/Availability
    - MaterialComponents/private/Color
    - MaterialComponents/private/Math
  - MaterialComponents/Ink (124.2.0):
    - MaterialComponents/Availability
    - MaterialComponents/private/Color
    - MaterialComponents/private/Math
  - MaterialComponents/Palettes (124.2.0)
  - MaterialComponents/private/Application (124.2.0)
  - MaterialComponents/private/Color (124.2.0):
    - MaterialComponents/Availability
  - MaterialComponents/private/Math (124.2.0)
  - MaterialComponents/Ripple (124.2.0):
    - MaterialComponents/AnimationTiming
    - MaterialComponents/Availability
    - MaterialComponents/private/Color
    - MaterialComponents/private/Math
  - MaterialComponents/Shadow (124.2.0):
    - MaterialComponents/Availability
  - MaterialComponents/ShadowElevations (124.2.0)
  - MaterialComponents/ShadowLayer (124.2.0):
    - MaterialComponents/ShadowElevations
  - MaterialComponents/ShapeLibrary (124.2.0):
    - MaterialComponents/private/Math
    - MaterialComponents/Shapes
  - MaterialComponents/Shapes (124.2.0):
    - MaterialComponents/private/Color
    - MaterialComponents/private/Math
    - MaterialComponents/ShadowLayer
  - MaterialComponents/TextFields (124.2.0):
    - MaterialComponents/AnimationTiming
    - MaterialComponents/Buttons
    - MaterialComponents/Elevation
    - MaterialComponents/Palettes
    - MaterialComponents/private/Math
    - MaterialComponents/Typography
    - MDFInternationalization
  - MaterialComponents/Typography (124.2.0):
    - MaterialComponents/private/Application
    - MaterialComponents/private/Math
    - MDFTextAccessibility
  - MDFInternationalization (3.0.0)
  - MDFTextAccessibility (2.0.1)
  - nanopb (2.30909.1):
    - nanopb/decode (= 2.30909.1)
    - nanopb/encode (= 2.30909.1)
  - nanopb/decode (2.30909.1)
  - nanopb/encode (2.30909.1)
  - PhoneNumberKit (3.7.6):
    - PhoneNumberKit/PhoneNumberKitCore (= 3.7.6)
    - PhoneNumberKit/UIKit (= 3.7.6)
  - PhoneNumberKit/PhoneNumberKitCore (3.7.6)
  - PhoneNumberKit/UIKit (3.7.6):
    - PhoneNumberKit/PhoneNumberKitCore
  - Polyline (5.1.0)
  - PromisesObjC (2.3.1)
  - R.swift (7.3.2)
  - SideMenu (6.5.0)
  - Socket.IO-Client-Swift (16.1.0):
    - Starscream (~> 4.0.6)
  - Starscream (4.0.6)
  - SwiftyJSON (5.0.1)
  - TextFieldEffects (1.6.0)
  - ToastViewSwift (2.1.1)
  - Turf (2.6.1)

DEPENDENCIES:
  - AFNetworking
  - Canvas
  - CountryPickerSwift
  - CurrencyTextField
  - FloatingPanel
  - Google-Mobile-Ads-SDK
  - MapboxDirections
  - MapboxGeocoder.swift
  - MapboxMaps
  - MapboxSearch (< 2.0, >= 1.0.0-rc.8)
  - MapboxSearchUI (< 2.0, >= 1.0.0-rc.8)
  - MaterialComponents/TextFields
  - PhoneNumberKit (~> 3.3)
  - R.swift
  - SideMenu
  - Socket.IO-Client-Swift
  - SwiftyJSON
  - TextFieldEffects
  - ToastViewSwift

SPEC REPOS:
  https://github.com/CocoaPods/Specs.git:
    - AFNetworking
    - Canvas
    - CountryPickerSwift
    - CurrencyTextField
    - FloatingPanel
    - Google-Mobile-Ads-SDK
    - GoogleAppMeasurement
    - GoogleUserMessagingPlatform
    - GoogleUtilities
    - MapboxCommon
    - MapboxCoreMaps
    - MapboxDirections
    - MapboxGeocoder.swift
    - MapboxMaps
    - MapboxMobileEvents
    - MapboxSearch
    - MapboxSearchUI
    - MaterialComponents
    - MDFInternationalization
    - MDFTextAccessibility
    - nanopb
    - PhoneNumberKit
    - Polyline
    - PromisesObjC
    - R.swift
    - SideMenu
    - Socket.IO-Client-Swift
    - Starscream
    - SwiftyJSON
    - TextFieldEffects
    - ToastViewSwift
    - Turf

SPEC CHECKSUMS:
  AFNetworking: 3bd23d814e976cd148d7d44c3ab78017b744cd58
  Canvas: eb861e3b555d032648146c8ffda1a5dea40059ca
  CountryPickerSwift: b2cd8b391a0222bd9a97d09ea30426303adac810
  CurrencyTextField: 75d8ee80cf245925684b34c9a49ba886f258e2dc
  FloatingPanel: 0c32d8c97e52cf6913833af573506f5d86451465
  Google-Mobile-Ads-SDK: 8f67a72f88d057335b1ac3f501e2b68ad054116e
  GoogleAppMeasurement: 68afe759316673c6554dac35a0c7ae8f5d6cb4ed
  GoogleUserMessagingPlatform: dce302b8f1b84d6e945812ee7a15c3f65a102cbf
  GoogleUtilities: 0759d1a57ebb953965c2dfe0ba4c82e95ccc2e34
  MapboxCommon: 677dd4449e9f7d863a4712cf271c198ed1753494
  MapboxCoreMaps: 304d4ff1de0b5873e4ce359a7ed107fe65f89bd6
  MapboxDirections: 31d61b8369d5dde6f6828f72905ab9a7e054cd2c
  MapboxGeocoder.swift: 730782e5f4324b7283a0f6c740c180f3086158e2
  MapboxMaps: 89322569ce8b0e98ed2a84c3289e6bc402df6073
  MapboxMobileEvents: de50b3a4de180dd129c326e09cd12c8adaaa46d6
  MapboxSearch: ac6ce2083172dc1095c3519ee69fe91f31558504
  MapboxSearchUI: ce955875d52399804e3afba2016b9387a54974fa
  MaterialComponents: 1a9b2d9d45b1601ae544de85089adc4c464306d4
  MDFInternationalization: d697c55307816222a55685c4ccb1044ffb030c12
  MDFTextAccessibility: f4bb4cc2194286651b59a215fdeaa0e05dc90ba5
  nanopb: d4d75c12cd1316f4a64e3c6963f879ecd4b5e0d5
  PhoneNumberKit: 3c68a822bad955ffcefc72a52df72b6596498555
  Polyline: 2a1f29f87f8d9b7de868940f4f76deb8c678a5b1
  PromisesObjC: c50d2056b5253dadbd6c2bea79b0674bd5a52fa4
  R.swift: 0af0d882f49f03711415cb4e5215daa977d8a480
  SideMenu: f583187d21c5b1dd04c72002be544b555a2627a2
  Socket.IO-Client-Swift: ee4b8f80a3db18dd7f32b266ddf273310609443c
  Starscream: fb2c4510bebf908c62bd383bcf05e673720e91fd
  SwiftyJSON: 2f33a42c6fbc52764d96f13368585094bfd8aa5e
  TextFieldEffects: 529b8aff706fb40f82c41c780c0777941a893796
  ToastViewSwift: cb6f90a2fda9128f66dbd34a4373eadc58c0a82f
  Turf: 469ce2c3d22e5e8e4818d5a3b254699a5c89efa4

PODFILE CHECKSUM: ba7383d8c2b57d53ad9f2c2585809fea7248f8b6

COCOAPODS: 1.14.3
