PODS:
  - Canvas (0.1.2)
  - CurrencyTextField (2.3)
  - FloatingPanel (2.8.2)
  - Google-Mobile-Ads-SDK (11.5.0):
    - GoogleUserMessagingPlatform (>= 1.1)
  - GoogleUserMessagingPlatform (2.4.0)
  - MaterialComponents/AnimationTiming (124.2.0)
  - MaterialComponents/Availability (124.2.0)
  - MaterialComponents/Buttons (124.2.0):
    - MaterialComponents/Elevation
    - MaterialComponents/Ink
    - MaterialComponents/private/Math
    - MaterialComponents/Ripple
    - MaterialComponents/Shadow
    - MaterialComponents/ShadowElevations
    - MaterialComponents/ShadowLayer
    - MaterialComponents/ShapeLibrary
    - MaterialComponents/Shapes
    - MaterialComponents/Typography
    - MDFInternationalization
    - MDFTextAccessibility
  - MaterialComponents/Elevation (124.2.0):
    - MaterialComponents/Availability
    - MaterialComponents/private/Color
    - MaterialComponents/private/Math
  - MaterialComponents/Ink (124.2.0):
    - MaterialComponents/Availability
    - MaterialComponents/private/Color
    - MaterialComponents/private/Math
  - MaterialComponents/Palettes (124.2.0)
  - MaterialComponents/private/Application (124.2.0)
  - MaterialComponents/private/Color (124.2.0):
    - MaterialComponents/Availability
  - MaterialComponents/private/Math (124.2.0)
  - MaterialComponents/Ripple (124.2.0):
    - MaterialComponents/AnimationTiming
    - MaterialComponents/Availability
    - MaterialComponents/private/Color
    - MaterialComponents/private/Math
  - MaterialComponents/Shadow (124.2.0):
    - MaterialComponents/Availability
  - MaterialComponents/ShadowElevations (124.2.0)
  - MaterialComponents/ShadowLayer (124.2.0):
    - MaterialComponents/ShadowElevations
  - MaterialComponents/ShapeLibrary (124.2.0):
    - MaterialComponents/private/Math
    - MaterialComponents/Shapes
  - MaterialComponents/Shapes (124.2.0):
    - MaterialComponents/private/Color
    - MaterialComponents/private/Math
    - MaterialComponents/ShadowLayer
  - MaterialComponents/TextFields (124.2.0):
    - MaterialComponents/AnimationTiming
    - MaterialComponents/Buttons
    - MaterialComponents/Elevation
    - MaterialComponents/Palettes
    - MaterialComponents/private/Math
    - MaterialComponents/Typography
    - MDFInternationalization
  - MaterialComponents/Typography (124.2.0):
    - MaterialComponents/private/Application
    - MaterialComponents/private/Math
    - MDFTextAccessibility
  - MDFInternationalization (3.0.0)
  - MDFTextAccessibility (2.0.1)
  - PhoneNumberKit (3.7.10):
    - PhoneNumberKit/PhoneNumberKitCore (= 3.7.10)
    - PhoneNumberKit/UIKit (= 3.7.10)
  - PhoneNumberKit/PhoneNumberKitCore (3.7.10)
  - PhoneNumberKit/UIKit (3.7.10):
    - PhoneNumberKit/PhoneNumberKitCore
  - R.swift (7.3.2)
  - SideMenu (6.5.0)
  - Socket.IO-Client-Swift (16.1.0):
    - Starscream (~> 4.0.6)
  - Starscream (4.0.8)
  - SwiftyJSON (5.0.2)
  - TextFieldEffects (1.6.0)
  - ToastViewSwift (2.1.2)

DEPENDENCIES:
  - Canvas
  - CurrencyTextField
  - FloatingPanel
  - Google-Mobile-Ads-SDK
  - MaterialComponents/TextFields
  - PhoneNumberKit (~> 3.3)
  - R.swift
  - SideMenu
  - Socket.IO-Client-Swift
  - SwiftyJSON
  - TextFieldEffects
  - ToastViewSwift

SPEC REPOS:
  https://github.com/CocoaPods/Specs.git:
    - Canvas
    - CurrencyTextField
    - FloatingPanel
    - Google-Mobile-Ads-SDK
    - GoogleUserMessagingPlatform
    - MaterialComponents
    - MDFInternationalization
    - MDFTextAccessibility
    - PhoneNumberKit
    - R.swift
    - SideMenu
    - Socket.IO-Client-Swift
    - Starscream
    - SwiftyJSON
    - TextFieldEffects
    - ToastViewSwift

SPEC CHECKSUMS:
  Canvas: eb861e3b555d032648146c8ffda1a5dea40059ca
  CurrencyTextField: 75d8ee80cf245925684b34c9a49ba886f258e2dc
  FloatingPanel: 99b72651e5e607a6a4e0c9831e30f02d145beeb6
  Google-Mobile-Ads-SDK: 7db2098033ad3bfcd72a11e7503b49700a93029e
  GoogleUserMessagingPlatform: f131fa7978d2ba88d7426702b057c2cc318e6595
  MaterialComponents: 1a9b2d9d45b1601ae544de85089adc4c464306d4
  MDFInternationalization: d697c55307816222a55685c4ccb1044ffb030c12
  MDFTextAccessibility: f4bb4cc2194286651b59a215fdeaa0e05dc90ba5
  PhoneNumberKit: 3d9a20cfe8ee68f35c2a3ae9474093133f72a8a1
  R.swift: 0af0d882f49f03711415cb4e5215daa977d8a480
  SideMenu: f583187d21c5b1dd04c72002be544b555a2627a2
  Socket.IO-Client-Swift: ee4b8f80a3db18dd7f32b266ddf273310609443c
  Starscream: 19b5533ddb925208db698f0ac508a100b884a1b9
  SwiftyJSON: f5b1bf1cd8dd53cd25887ac0eabcfd92301c6a5a
  TextFieldEffects: 529b8aff706fb40f82c41c780c0777941a893796
  ToastViewSwift: 62e4c54cd482dd1106c2b2224103a8b171763cf3

PODFILE CHECKSUM: 7e313ff5f1ed97ca34552fc9257ae2989c34b951

COCOAPODS: 1.14.3
