PODS:
  - AFNetworking (4.0.1):
    - AFNetworking/NSURLSession (= 4.0.1)
    - AFNetworking/Reachability (= 4.0.1)
    - AFNetworking/Security (= 4.0.1)
    - AFNetworking/Serialization (= 4.0.1)
    - AFNetworking/UIKit (= 4.0.1)
  - AFNetworking/NSURLSession (4.0.1):
    - AFNetworking/Reachability
    - AFNetworking/Security
    - AFNetworking/Serialization
  - AFNetworking/Reachability (4.0.1)
  - AFNetworking/Security (4.0.1)
  - AFNetworking/Serialization (4.0.1)
  - AFNetworking/UIKit (4.0.1):
    - AFNetworking/NSURLSession
  - Canvas (0.1.2)
  - CountryPickerSwift (1.8.2)
  - CurrencyTextField (2.3)
  - FloatingPanel (2.5.5)
  - Google-Mobile-Ads-SDK (10.2.0):
    - GoogleAppMeasurement (< 11.0, >= 7.0)
    - GoogleUserMessagingPlatform (>= 1.1)
  - GoogleAppMeasurement (10.7.0):
    - GoogleAppMeasurement/AdIdSupport (= 10.7.0)
    - GoogleUtilities/AppDelegateSwizzler (~> 7.8)
    - GoogleUtilities/MethodSwizzler (~> 7.8)
    - GoogleUtilities/Network (~> 7.8)
    - "GoogleUtilities/NSData+zlib (~> 7.8)"
    - nanopb (< 2.30910.0, >= 2.30908.0)
  - GoogleAppMeasurement/AdIdSupport (10.7.0):
    - GoogleAppMeasurement/WithoutAdIdSupport (= 10.7.0)
    - GoogleUtilities/AppDelegateSwizzler (~> 7.8)
    - GoogleUtilities/MethodSwizzler (~> 7.8)
    - GoogleUtilities/Network (~> 7.8)
    - "GoogleUtilities/NSData+zlib (~> 7.8)"
    - nanopb (< 2.30910.0, >= 2.30908.0)
  - GoogleAppMeasurement/WithoutAdIdSupport (10.7.0):
    - GoogleUtilities/AppDelegateSwizzler (~> 7.8)
    - GoogleUtilities/MethodSwizzler (~> 7.8)
    - GoogleUtilities/Network (~> 7.8)
    - "GoogleUtilities/NSData+zlib (~> 7.8)"
    - nanopb (< 2.30910.0, >= 2.30908.0)
  - GooglePlaces (6.2.1)
  - GoogleUserMessagingPlatform (2.0.1)
  - GoogleUtilities/AppDelegateSwizzler (7.11.0):
    - GoogleUtilities/Environment
    - GoogleUtilities/Logger
    - GoogleUtilities/Network
  - GoogleUtilities/Environment (7.11.0):
    - PromisesObjC (< 3.0, >= 1.2)
  - GoogleUtilities/Logger (7.11.0):
    - GoogleUtilities/Environment
  - GoogleUtilities/MethodSwizzler (7.11.0):
    - GoogleUtilities/Logger
  - GoogleUtilities/Network (7.11.0):
    - GoogleUtilities/Logger
    - "GoogleUtilities/NSData+zlib"
    - GoogleUtilities/Reachability
  - "GoogleUtilities/NSData+zlib (7.11.0)"
  - GoogleUtilities/Reachability (7.11.0):
    - GoogleUtilities/Logger
  - MapboxCommon (23.1.0)
  - MapboxCoreMaps (10.9.0):
    - MapboxCommon (~> 23.1)
  - MapboxDirections (2.7.0):
    - Polyline (~> 5.0)
    - Turf (~> 2.4)
  - MapboxGeocoder.swift (0.15.0)
  - MapboxMaps (10.9.0):
    - MapboxCommon (= 23.1.0)
    - MapboxCoreMaps (= 10.9.0)
    - MapboxMobileEvents (= 1.0.8)
    - Turf (~> 2.0)
  - MapboxMobileEvents (1.0.8)
  - MapboxSearch (1.0.0-beta.38):
    - MapboxCommon (= 23.1.0)
  - MapboxSearchUI (1.0.0-beta.38):
    - MapboxSearch (< 2.0, >= 1.0.0-beta.38)
  - MaterialComponents/AnimationTiming (124.2.0)
  - MaterialComponents/Availability (124.2.0)
  - MaterialComponents/Buttons (124.2.0):
    - MaterialComponents/Elevation
    - MaterialComponents/Ink
    - MaterialComponents/private/Math
    - MaterialComponents/Ripple
    - MaterialComponents/Shadow
    - MaterialComponents/ShadowElevations
    - MaterialComponents/ShadowLayer
    - MaterialComponents/ShapeLibrary
    - MaterialComponents/Shapes
    - MaterialComponents/Typography
    - MDFInternationalization
    - MDFTextAccessibility
  - MaterialComponents/Elevation (124.2.0):
    - MaterialComponents/Availability
    - MaterialComponents/private/Color
    - MaterialComponents/private/Math
  - MaterialComponents/Ink (124.2.0):
    - MaterialComponents/Availability
    - MaterialComponents/private/Color
    - MaterialComponents/private/Math
  - MaterialComponents/Palettes (124.2.0)
  - MaterialComponents/private/Application (124.2.0)
  - MaterialComponents/private/Color (124.2.0):
    - MaterialComponents/Availability
  - MaterialComponents/private/Math (124.2.0)
  - MaterialComponents/Ripple (124.2.0):
    - MaterialComponents/AnimationTiming
    - MaterialComponents/Availability
    - MaterialComponents/private/Color
    - MaterialComponents/private/Math
  - MaterialComponents/Shadow (124.2.0):
    - MaterialComponents/Availability
  - MaterialComponents/ShadowElevations (124.2.0)
  - MaterialComponents/ShadowLayer (124.2.0):
    - MaterialComponents/ShadowElevations
  - MaterialComponents/ShapeLibrary (124.2.0):
    - MaterialComponents/private/Math
    - MaterialComponents/Shapes
  - MaterialComponents/Shapes (124.2.0):
    - MaterialComponents/private/Color
    - MaterialComponents/private/Math
    - MaterialComponents/ShadowLayer
  - MaterialComponents/TextFields (124.2.0):
    - MaterialComponents/AnimationTiming
    - MaterialComponents/Buttons
    - MaterialComponents/Elevation
    - MaterialComponents/Palettes
    - MaterialComponents/private/Math
    - MaterialComponents/Typography
    - MDFInternationalization
  - MaterialComponents/Typography (124.2.0):
    - MaterialComponents/private/Application
    - MaterialComponents/private/Math
    - MDFTextAccessibility
  - MDFInternationalization (3.0.0)
  - MDFTextAccessibility (2.0.1)
  - nanopb (2.30909.0):
    - nanopb/decode (= 2.30909.0)
    - nanopb/encode (= 2.30909.0)
  - nanopb/decode (2.30909.0)
  - nanopb/encode (2.30909.0)
  - PhoneNumberKit (3.3.4):
    - PhoneNumberKit/PhoneNumberKitCore (= 3.3.4)
    - PhoneNumberKit/UIKit (= 3.3.4)
  - PhoneNumberKit/PhoneNumberKitCore (3.3.4)
  - PhoneNumberKit/UIKit (3.3.4):
    - PhoneNumberKit/PhoneNumberKitCore
  - Polyline (5.1.0)
  - PromisesObjC (2.2.0)
  - R.swift (6.1.0):
    - R.swift.Library (~> 5.3.0)
  - R.swift.Library (5.3.0)
  - SideMenu (6.5.0)
  - Socket.IO-Client-Swift (16.0.1):
    - Starscream (~> 4.0)
  - Starscream (4.0.4)
  - SwiftyJSON (5.0.1)
  - TextFieldEffects (1.6.0)
  - ToastViewSwift (1.1.1)
  - Turf (2.5.0)

DEPENDENCIES:
  - AFNetworking
  - Canvas
  - CountryPickerSwift
  - CurrencyTextField
  - FloatingPanel
  - Google-Mobile-Ads-SDK
  - GooglePlaces
  - MapboxDirections
  - MapboxGeocoder.swift
  - MapboxMaps (= 10.9.0)
  - MapboxSearch (< 2.0, >= 1.0.0-beta.38)
  - MapboxSearchUI (< 2.0, >= 1.0.0-beta.38)
  - MaterialComponents/TextFields
  - PhoneNumberKit (~> 3.3)
  - R.swift
  - SideMenu
  - Socket.IO-Client-Swift
  - SwiftyJSON
  - TextFieldEffects
  - ToastViewSwift

SPEC REPOS:
  https://github.com/CocoaPods/Specs.git:
    - AFNetworking
    - Canvas
    - CountryPickerSwift
    - CurrencyTextField
    - FloatingPanel
    - Google-Mobile-Ads-SDK
    - GoogleAppMeasurement
    - GooglePlaces
    - GoogleUserMessagingPlatform
    - GoogleUtilities
    - MapboxCommon
    - MapboxCoreMaps
    - MapboxDirections
    - MapboxGeocoder.swift
    - MapboxMaps
    - MapboxMobileEvents
    - MapboxSearch
    - MapboxSearchUI
    - MaterialComponents
    - MDFInternationalization
    - MDFTextAccessibility
    - nanopb
    - PhoneNumberKit
    - Polyline
    - PromisesObjC
    - R.swift
    - R.swift.Library
    - SideMenu
    - Socket.IO-Client-Swift
    - Starscream
    - SwiftyJSON
    - TextFieldEffects
    - ToastViewSwift
    - Turf

SPEC CHECKSUMS:
  AFNetworking: 3bd23d814e976cd148d7d44c3ab78017b744cd58
  Canvas: eb861e3b555d032648146c8ffda1a5dea40059ca
  CountryPickerSwift: b2cd8b391a0222bd9a97d09ea30426303adac810
  CurrencyTextField: 75d8ee80cf245925684b34c9a49ba886f258e2dc
  FloatingPanel: a27e7827e0f710fa6236fe2596dd1b5484cb4fc1
  Google-Mobile-Ads-SDK: 4cf7100c99e7cfdd97dd9193cc26a13411aa6891
  GoogleAppMeasurement: fe17c92a32207dd5cdd4e8d742767f2da74857f6
  GooglePlaces: 94974aa119573d5acc2a35a699948dac838abd73
  GoogleUserMessagingPlatform: 5f8b30daf181805317b6b985bb51c1ff3beca054
  GoogleUtilities: c2bdc4cf2ce786c4d2e6b3bcfd599a25ca78f06f
  MapboxCommon: bfffb68226f650df065cf24e307576267ebc75e8
  MapboxCoreMaps: 34ae725a08a720e1e0cd4530c37ec78e0682abf9
  MapboxDirections: 04405deb646d6549c6a891447d990c28a7dd910b
  MapboxGeocoder.swift: 730782e5f4324b7283a0f6c740c180f3086158e2
  MapboxMaps: d11d792fb181a44975dce3a356f763a407a078cc
  MapboxMobileEvents: febdd92835daa258ca1c1faad0821c0b3394ef40
  MapboxSearch: 8ccb147aab3c9283512a24af6e5a137e65724adc
  MapboxSearchUI: 97d276a5365d726550059cc2c283494dbbaea4d7
  MaterialComponents: 1a9b2d9d45b1601ae544de85089adc4c464306d4
  MDFInternationalization: d697c55307816222a55685c4ccb1044ffb030c12
  MDFTextAccessibility: f4bb4cc2194286651b59a215fdeaa0e05dc90ba5
  nanopb: b552cce312b6c8484180ef47159bc0f65a1f0431
  PhoneNumberKit: 441e8b26ec88d598e3591de9061eff18f5dd12e8
  Polyline: 2a1f29f87f8d9b7de868940f4f76deb8c678a5b1
  PromisesObjC: 09985d6d70fbe7878040aa746d78236e6946d2ef
  R.swift: ec98ff71c4ab2f6fd01dd077e5afd15e63a4834c
  R.swift.Library: 0fc583cb55a99e28901299cc451614cad1161962
  SideMenu: f583187d21c5b1dd04c72002be544b555a2627a2
  Socket.IO-Client-Swift: c116d6dc9fd6be9c259bacfe143f8725bce7d79e
  Starscream: 5178aed56b316f13fa3bc55694e583d35dd414d9
  SwiftyJSON: 2f33a42c6fbc52764d96f13368585094bfd8aa5e
  TextFieldEffects: 529b8aff706fb40f82c41c780c0777941a893796
  ToastViewSwift: dda3c48db1712296ce5deb1deb2a1cac02eb07ed
  Turf: 8adf034c2963a0e587b979c51b5c12c396e29c44

PODFILE CHECKSUM: 09729a607ba403316313ac4eedb41a660b57e17d

COCOAPODS: 1.11.2
