// !$*UTF8*$!
{
	archiveVersion = 1;
	classes = {
	};
	objectVersion = 46;
	objects = {

/* Begin PBXBuildFile section */
		4CEE432417F95768F8849D49 /* Pods.framework in Frameworks */ = {isa = PBXBuildFile; fileRef = 55082FD3040A210B5A1D3C3C /* Pods.framework */; };
		842986EF1C614EDD00D78371 /* Main.storyboard in Resources */ = {isa = PBXBuildFile; fileRef = 842986ED1C614EDD00D78371 /* Main.storyboard */; };
		8430E3431C76E18700B85444 /* ic_sol1.png in Resources */ = {isa = PBXBuildFile; fileRef = 8430E3421C76E18700B85444 /* ic_sol1.png */; };
		844E394C1C650EE7009EF09F /* PantallaSolic.swift in Sources */ = {isa = PBXBuildFile; fileRef = 844E394B1C650EE7009EF09F /* PantallaSolic.swift */; };
		845AADE11C543B8700D4FFA4 /* CTaxi.swift in Sources */ = {isa = PBXBuildFile; fileRef = 845AADE01C543B8500D4FFA4 /* CTaxi.swift */; };
		845AADE31C543CC400D4FFA4 /* CConductor.swift in Sources */ = {isa = PBXBuildFile; fileRef = 845AADE21C543CC400D4FFA4 /* CConductor.swift */; };
		845C0F521C7633EF0050F852 /* chofer.png in Resources */ = {isa = PBXBuildFile; fileRef = 845C0F511C7633EF0050F852 /* chofer.png */; };
		845CE2EE1BE9E93F005C641B /* CoreLocation.framework in Frameworks */ = {isa = PBXBuildFile; fileRef = 845CE2ED1BE9E93F005C641B /* CoreLocation.framework */; };
		845CE2F01BE9E971005C641B /* MapKit.framework in Frameworks */ = {isa = PBXBuildFile; fileRef = 845CE2EF1BE9E971005C641B /* MapKit.framework */; };
		84609F281C758E6F0056A282 /* aceptar1off.png in Resources */ = {isa = PBXBuildFile; fileRef = 84609EE31C758E6F0056A282 /* aceptar1off.png */; };
		84609F291C758E6F0056A282 /* aceptar1on.png in Resources */ = {isa = PBXBuildFile; fileRef = 84609EE41C758E6F0056A282 /* aceptar1on.png */; };
		84609F2A1C758E6F0056A282 /* back.png in Resources */ = {isa = PBXBuildFile; fileRef = 84609EE51C758E6F0056A282 /* back.png */; };
		84609F2B1C758E6F0056A282 /* bbutoff.png in Resources */ = {isa = PBXBuildFile; fileRef = 84609EE61C758E6F0056A282 /* bbutoff.png */; };
		84609F2C1C758E6F0056A282 /* bbuton.png in Resources */ = {isa = PBXBuildFile; fileRef = 84609EE71C758E6F0056A282 /* bbuton.png */; };
		84609F2D1C758E6F0056A282 /* calendar.png in Resources */ = {isa = PBXBuildFile; fileRef = 84609EE81C758E6F0056A282 /* calendar.png */; };
		84609F2E1C758E6F0056A282 /* cbutoff.png in Resources */ = {isa = PBXBuildFile; fileRef = 84609EE91C758E6F0056A282 /* cbutoff.png */; };
		84609F2F1C758E6F0056A282 /* cbuton.png in Resources */ = {isa = PBXBuildFile; fileRef = 84609EEA1C758E6F0056A282 /* cbuton.png */; };
		84609F301C758E6F0056A282 /* dbutoff3.png in Resources */ = {isa = PBXBuildFile; fileRef = 84609EEB1C758E6F0056A282 /* dbutoff3.png */; };
		84609F311C758E6F0056A282 /* dbuton3.png in Resources */ = {isa = PBXBuildFile; fileRef = 84609EEC1C758E6F0056A282 /* dbuton3.png */; };
		84609F321C758E6F0056A282 /* dclock.png in Resources */ = {isa = PBXBuildFile; fileRef = 84609EED1C758E6F0056A282 /* dclock.png */; };
		84609F331C758E6F0056A282 /* ddistancia.png in Resources */ = {isa = PBXBuildFile; fileRef = 84609EEE1C758E6F0056A282 /* ddistancia.png */; };
		84609F341C758E6F0056A282 /* destino.png in Resources */ = {isa = PBXBuildFile; fileRef = 84609EEF1C758E6F0056A282 /* destino.png */; };
		84609F351C758E6F0056A282 /* destino2.png in Resources */ = {isa = PBXBuildFile; fileRef = 84609EF01C758E6F0056A282 /* destino2.png */; };
		84609F361C758E6F0056A282 /* dmony.png in Resources */ = {isa = PBXBuildFile; fileRef = 84609EF11C758E6F0056A282 /* dmony.png */; };
		84609F461C758E6F0056A282 /* ic_launcher-1.png in Resources */ = {isa = PBXBuildFile; fileRef = 84609F011C758E6F0056A282 /* ic_launcher-1.png */; };
		84609F471C758E6F0056A282 /* ic_salir2.png in Resources */ = {isa = PBXBuildFile; fileRef = 84609F021C758E6F0056A282 /* ic_salir2.png */; };
		84609F481C758E6F0056A282 /* ic_sol.png in Resources */ = {isa = PBXBuildFile; fileRef = 84609F031C758E6F0056A282 /* ic_sol.png */; };
		84609F4A1C758E6F0056A282 /* logpassfondo.png in Resources */ = {isa = PBXBuildFile; fileRef = 84609F051C758E6F0056A282 /* logpassfondo.png */; };
		84609F4F1C758E6F0056A282 /* origen.png in Resources */ = {isa = PBXBuildFile; fileRef = 84609F0A1C758E6F0056A282 /* origen.png */; };
		84609F501C758E6F0056A282 /* origen2.png in Resources */ = {isa = PBXBuildFile; fileRef = 84609F0B1C758E6F0056A282 /* origen2.png */; };
		84609F511C758E6F0056A282 /* phoneoff.png in Resources */ = {isa = PBXBuildFile; fileRef = 84609F0C1C758E6F0056A282 /* phoneoff.png */; };
		84609F521C758E6F0056A282 /* phoneon.png in Resources */ = {isa = PBXBuildFile; fileRef = 84609F0D1C758E6F0056A282 /* phoneon.png */; };
		84609F531C758E6F0056A282 /* pulsa.png in Resources */ = {isa = PBXBuildFile; fileRef = 84609F0E1C758E6F0056A282 /* pulsa.png */; };
		84609F541C758E6F0056A282 /* rbutoff.png in Resources */ = {isa = PBXBuildFile; fileRef = 84609F0F1C758E6F0056A282 /* rbutoff.png */; };
		84609F551C758E6F0056A282 /* rbuton.png in Resources */ = {isa = PBXBuildFile; fileRef = 84609F101C758E6F0056A282 /* rbuton.png */; };
		84609F581C758E6F0056A282 /* rrmapoff.png in Resources */ = {isa = PBXBuildFile; fileRef = 84609F131C758E6F0056A282 /* rrmapoff.png */; };
		84609F591C758E6F0056A282 /* rrmapon.png in Resources */ = {isa = PBXBuildFile; fileRef = 84609F141C758E6F0056A282 /* rrmapon.png */; };
		84609F5A1C758E6F0056A282 /* saliroff.png in Resources */ = {isa = PBXBuildFile; fileRef = 84609F151C758E6F0056A282 /* saliroff.png */; };
		84609F5B1C758E6F0056A282 /* saliroff2.png in Resources */ = {isa = PBXBuildFile; fileRef = 84609F161C758E6F0056A282 /* saliroff2.png */; };
		84609F5C1C758E6F0056A282 /* saliron.png in Resources */ = {isa = PBXBuildFile; fileRef = 84609F171C758E6F0056A282 /* saliron.png */; };
		84609F5D1C758E6F0056A282 /* saliron2.png in Resources */ = {isa = PBXBuildFile; fileRef = 84609F181C758E6F0056A282 /* saliron2.png */; };
		84609F5E1C758E6F0056A282 /* separador.png in Resources */ = {isa = PBXBuildFile; fileRef = 84609F191C758E6F0056A282 /* separador.png */; };
		84609F5F1C758E6F0056A282 /* sinconexion.png in Resources */ = {isa = PBXBuildFile; fileRef = 84609F1A1C758E6F0056A282 /* sinconexion.png */; };
		84609F601C758E6F0056A282 /* taxi_libre.png in Resources */ = {isa = PBXBuildFile; fileRef = 84609F1B1C758E6F0056A282 /* taxi_libre.png */; };
		84609F621C758E6F0056A282 /* warning.png in Resources */ = {isa = PBXBuildFile; fileRef = 84609F1D1C758E6F0056A282 /* warning.png */; };
		8461A43A1C98743D00A8CFD0 /* CRuta.swift in Sources */ = {isa = PBXBuildFile; fileRef = 8461A4391C98743D00A8CFD0 /* CRuta.swift */; };
		8462408F1BEABBB800F272D5 /* Entitlements.plist in Resources */ = {isa = PBXBuildFile; fileRef = 8462408E1BEABBB800F272D5 /* Entitlements.plist */; };
		8466FDF61C626EF9002C23DB /* CSolPendiente.swift in Sources */ = {isa = PBXBuildFile; fileRef = 8466FDF51C626EF9002C23DB /* CSolPendiente.swift */; };
		846F5AF11C8CF7D300EBD403 /* GoogleMaps.framework in Frameworks */ = {isa = PBXBuildFile; fileRef = 84FC7EDF1BEA6DE50068007B /* GoogleMaps.framework */; };
		84794F9E1CCA7DCC00C4DD33 /* encabezadosIOS@2x.png in Resources */ = {isa = PBXBuildFile; fileRef = 84794F9C1CCA7DCC00C4DD33 /* encabezadosIOS@2x.png */; };
		84794F9F1CCA7DCC00C4DD33 /* encabezadosIOS@3x.png in Resources */ = {isa = PBXBuildFile; fileRef = 84794F9D1CCA7DCC00C4DD33 /* encabezadosIOS@3x.png */; };
		84B9E07D1CC93E5700A96814 /* Encabezado.png in Resources */ = {isa = PBXBuildFile; fileRef = 84B9E07C1CC93E5700A96814 /* Encabezado.png */; };
		84B9E0811CC93F5400A96814 /* Pie.png in Resources */ = {isa = PBXBuildFile; fileRef = 84B9E0801CC93F5400A96814 /* Pie.png */; };
		84C8E9261C82566C00F21E0B /* LocationManager.swift in Sources */ = {isa = PBXBuildFile; fileRef = 84C8E9251C82566C00F21E0B /* LocationManager.swift */; };
		84CD977C1C877E6900E658C0 /* ic_sol1 copia.png in Resources */ = {isa = PBXBuildFile; fileRef = 84CD977B1C877E6900E658C0 /* ic_sol1 copia.png */; };
		84CD97801C87C36E00E658C0 /* Contents.json in Resources */ = {isa = PBXBuildFile; fileRef = 84CD977F1C87C36E00E658C0 /* Contents.json */; };
		84EA6BFF1CB55276009EC7A5 /* Evaluacion.png in Resources */ = {isa = PBXBuildFile; fileRef = 84EA6BFE1CB55276009EC7A5 /* Evaluacion.png */; };
		84EB25641CAA43230003E834 /* aceptarTest.png in Resources */ = {isa = PBXBuildFile; fileRef = 84EB25631CAA43230003E834 /* aceptarTest.png */; };
		84EF6E701CB4245F00BC8A04 /* starimage.png in Resources */ = {isa = PBXBuildFile; fileRef = 84EF6E6F1CB4245F00BC8A04 /* starimage.png */; };
		84EFA5C71CA8C56F004E8578 /* DatosCondTest.png in Resources */ = {isa = PBXBuildFile; fileRef = 84EFA5C61CA8C56F004E8578 /* DatosCondTest.png */; };
		84EFA5CB1CA8C7E7004E8578 /* aceptarTest320x50.png in Resources */ = {isa = PBXBuildFile; fileRef = 84EFA5CA1CA8C7E7004E8578 /* aceptarTest320x50.png */; };
		84EFA5CE1CA8CC88004E8578 /* aceptarTest161x50.png in Resources */ = {isa = PBXBuildFile; fileRef = 84EFA5CC1CA8CC88004E8578 /* aceptarTest161x50.png */; };
		84EFA5CF1CA8CC88004E8578 /* cancelarTest161x50.png in Resources */ = {isa = PBXBuildFile; fileRef = 84EFA5CD1CA8CC88004E8578 /* cancelarTest161x50.png */; };
		84F019411CD183BE002D1BDE /* sos.png in Resources */ = {isa = PBXBuildFile; fileRef = 84F019401CD183BE002D1BDE /* sos.png */; };
		84F019451CD18E56002D1BDE /* Mapa.png in Resources */ = {isa = PBXBuildFile; fileRef = 84F019441CD18E56002D1BDE /* Mapa.png */; };
		84F019471CD1AA6A002D1BDE /* Taximetro.png in Resources */ = {isa = PBXBuildFile; fileRef = 84F019461CD1AA6A002D1BDE /* Taximetro.png */; };
		84F019491CD1B780002D1BDE /* Tarifario.png in Resources */ = {isa = PBXBuildFile; fileRef = 84F019481CD1B780002D1BDE /* Tarifario.png */; };
		84F08BE81CA71B7B00EB2919 /* BlueIOS.png in Resources */ = {isa = PBXBuildFile; fileRef = 84F08BE71CA71B7B00EB2919 /* BlueIOS.png */; };
		84F0D9FD1C5BB52C00C7E962 /* CSolicitud.swift in Sources */ = {isa = PBXBuildFile; fileRef = 84F0D9FC1C5BB52C00C7E962 /* CSolicitud.swift */; };
		84F0EEC91CA5D102007E969F /* ExplicacionIma.png in Resources */ = {isa = PBXBuildFile; fileRef = 84F0EEC81CA5D102007E969F /* ExplicacionIma.png */; };
		84F1DC1A1CA41F8B00B859FE /* detalles.png in Resources */ = {isa = PBXBuildFile; fileRef = 84F1DC191CA41F8B00B859FE /* detalles.png */; };
		84F1F6B21CACCA87001C46FB /* OpcionesTest.png in Resources */ = {isa = PBXBuildFile; fileRef = 84F1F6B01CACCA87001C46FB /* OpcionesTest.png */; };
		84F1F6B31CACCA87001C46FB /* OpcionSelecTest.png in Resources */ = {isa = PBXBuildFile; fileRef = 84F1F6B11CACCA87001C46FB /* OpcionSelecTest.png */; };
		84F229791CE3C4E600D492AA /* Launch Screen.storyboard in Resources */ = {isa = PBXBuildFile; fileRef = 84F229781CE3C4E600D492AA /* Launch Screen.storyboard */; };
		84F2297D1CE3C93D00D492AA /* Launch.png in Resources */ = {isa = PBXBuildFile; fileRef = 84F2297C1CE3C93D00D492AA /* Launch.png */; };
		84F22CA41CDBEB0300CDC432 /* Voz.png in Resources */ = {isa = PBXBuildFile; fileRef = 84F22CA31CDBEB0300CDC432 /* Voz.png */; };
		84F22CA81CDC117300CDC432 /* CSMSVoz.swift in Sources */ = {isa = PBXBuildFile; fileRef = 84F22CA71CDC117300CDC432 /* CSMSVoz.swift */; };
		84F2840B1CD697430074E07A /* solicitudesp.png in Resources */ = {isa = PBXBuildFile; fileRef = 84F2840A1CD697430074E07A /* solicitudesp.png */; };
		84F28A281CC13CC400529F53 /* Images-5.xcassets in Resources */ = {isa = PBXBuildFile; fileRef = 84F28A271CC13CC400529F53 /* Images-5.xcassets */; };
		84F28A2C1CC13DE600529F53 /* ic_vecino.png in Resources */ = {isa = PBXBuildFile; fileRef = 84F28A291CC13DE600529F53 /* ic_vecino.png */; };
		84F28A2D1CC13DE600529F53 /* ic_vecino@2x.png in Resources */ = {isa = PBXBuildFile; fileRef = 84F28A2A1CC13DE600529F53 /* ic_vecino@2x.png */; };
		84F28A2E1CC13DE600529F53 /* ic_vecino@3x.png in Resources */ = {isa = PBXBuildFile; fileRef = 84F28A2B1CC13DE600529F53 /* ic_vecino@3x.png */; };
		84F28A321CC14F1700529F53 /* logpassfondo@2X.png in Resources */ = {isa = PBXBuildFile; fileRef = 84F28A311CC14F1700529F53 /* logpassfondo@2X.png */; };
		84F28A361CC1635500529F53 /* origen2@2x.png in Resources */ = {isa = PBXBuildFile; fileRef = 84F28A351CC1635500529F53 /* origen2@2x.png */; };
		84F28A381CC1672100529F53 /* destino2@2x.png in Resources */ = {isa = PBXBuildFile; fileRef = 84F28A371CC1672100529F53 /* destino2@2x.png */; };
		84F2E9891C9B18D60075BC72 /* PantallaInicio.swift in Sources */ = {isa = PBXBuildFile; fileRef = 84F2E9881C9B18D60075BC72 /* PantallaInicio.swift */; };
		84F3041D1CC7F14C009EAEF8 /* fondoUT@2x.png in Resources */ = {isa = PBXBuildFile; fileRef = 84F3041C1CC7F14C009EAEF8 /* fondoUT@2x.png */; };
		84F304201CC7F77A009EAEF8 /* fondoUT@3x.png in Resources */ = {isa = PBXBuildFile; fileRef = 84F3041F1CC7F77A009EAEF8 /* fondoUT@3x.png */; };
		84F304241CC7F875009EAEF8 /* logpassfondo@3x.png in Resources */ = {isa = PBXBuildFile; fileRef = 84F304231CC7F875009EAEF8 /* logpassfondo@3x.png */; };
		84F3F5081CB853C500AEDF31 /* fondoUT.png in Resources */ = {isa = PBXBuildFile; fileRef = 84F3F5071CB853C500AEDF31 /* fondoUT.png */; };
		84F493D11CA11AFD00A54C36 /* yellowIOS.png in Resources */ = {isa = PBXBuildFile; fileRef = 84F493CF1CA11AFD00A54C36 /* yellowIOS.png */; };
		84F493D31CA11C8800A54C36 /* encabezadosIOS.png in Resources */ = {isa = PBXBuildFile; fileRef = 84F493D21CA11C8800A54C36 /* encabezadosIOS.png */; };
		84F493D51CA1311300A54C36 /* ic_solIOS.png in Resources */ = {isa = PBXBuildFile; fileRef = 84F493D41CA1311300A54C36 /* ic_solIOS.png */; };
		84F493D71CA137AD00A54C36 /* solpendientes.png in Resources */ = {isa = PBXBuildFile; fileRef = 84F493D61CA137AD00A54C36 /* solpendientes.png */; };
		84F4F8F31CDF045D0090FDD9 /* selectmenu.png in Resources */ = {isa = PBXBuildFile; fileRef = 84F4F8F21CDF045D0090FDD9 /* selectmenu.png */; };
		84F5090F1CA895130032D487 /* CancelarTest.png in Resources */ = {isa = PBXBuildFile; fileRef = 84F5090E1CA895130032D487 /* CancelarTest.png */; };
		84F509121CA897560032D487 /* EvaluarTest.png in Resources */ = {isa = PBXBuildFile; fileRef = 84F509111CA897560032D487 /* EvaluarTest.png */; };
		84F509201CA8A4700032D487 /* AceptarSoloTest.png in Resources */ = {isa = PBXBuildFile; fileRef = 84F5091F1CA8A4700032D487 /* AceptarSoloTest.png */; };
		84F571471BCE958200FC18D5 /* AppDelegate.swift in Sources */ = {isa = PBXBuildFile; fileRef = 84F571461BCE958200FC18D5 /* AppDelegate.swift */; };
		84F571491BCE958200FC18D5 /* ViewController.swift in Sources */ = {isa = PBXBuildFile; fileRef = 84F571481BCE958200FC18D5 /* ViewController.swift */; };
		84F5715C1BCE958200FC18D5 /* XtaxiTests.swift in Sources */ = {isa = PBXBuildFile; fileRef = 84F5715B1BCE958200FC18D5 /* XtaxiTests.swift */; };
		84F571671BCE958200FC18D5 /* XtaxiUITests.swift in Sources */ = {isa = PBXBuildFile; fileRef = 84F571661BCE958200FC18D5 /* XtaxiUITests.swift */; };
		84F571751BCE964100FC18D5 /* CCliente.swift in Sources */ = {isa = PBXBuildFile; fileRef = 84F571741BCE964100FC18D5 /* CCliente.swift */; };
		84F571791BCF6CEE00FC18D5 /* CSocket.swift in Sources */ = {isa = PBXBuildFile; fileRef = 84F571781BCF6CEE00FC18D5 /* CSocket.swift */; };
		84F5868F1CA5217E004AC03C /* prueba.png in Resources */ = {isa = PBXBuildFile; fileRef = 84F5868E1CA5217E004AC03C /* prueba.png */; };
		84F6AC5A1CE27B3E0037604D /* untaxi.png in Resources */ = {isa = PBXBuildFile; fileRef = 84F6AC591CE27B3E0037604D /* untaxi.png */; };
		84F7469A1CA25F6300AEFC85 /* formSolici.png in Resources */ = {isa = PBXBuildFile; fileRef = 84F746991CA25F6300AEFC85 /* formSolici.png */; };
		84F7469E1CA2685500AEFC85 /* alerta.png in Resources */ = {isa = PBXBuildFile; fileRef = 84F7469D1CA2685500AEFC85 /* alerta.png */; };
		84F748571CB5B9680014B07D /* llamartest.png in Resources */ = {isa = PBXBuildFile; fileRef = 84F748561CB5B9680014B07D /* llamartest.png */; };
		84F7E37F1CB38159008D4713 /* CEvaluacion.swift in Sources */ = {isa = PBXBuildFile; fileRef = 84F7E37E1CB38159008D4713 /* CEvaluacion.swift */; };
		84F7E3831CB389A6008D4713 /* stargris.png in Resources */ = {isa = PBXBuildFile; fileRef = 84F7E3821CB389A6008D4713 /* stargris.png */; };
		84F7E3851CB38C04008D4713 /* stardorada.png in Resources */ = {isa = PBXBuildFile; fileRef = 84F7E3841CB38C04008D4713 /* stardorada.png */; };
		84F83E711CC994DB00FDC18D /* AccesoSistema@2x.png in Resources */ = {isa = PBXBuildFile; fileRef = 84F83E6F1CC994DB00FDC18D /* AccesoSistema@2x.png */; };
		84F83E721CC994DB00FDC18D /* AccesoSistema@3x.png in Resources */ = {isa = PBXBuildFile; fileRef = 84F83E701CC994DB00FDC18D /* AccesoSistema@3x.png */; };
		84F9692F1CCBF01900B32C2C /* Gris.png in Resources */ = {isa = PBXBuildFile; fileRef = 84F9692E1CCBF01900B32C2C /* Gris.png */; };
		84F9D2C61CDE8850008F1E10 /* calcular.png in Resources */ = {isa = PBXBuildFile; fileRef = 84F9D2C51CDE8850008F1E10 /* calcular.png */; };
		84FC18E71C7D0784000E5407 /* CAlerta.swift in Sources */ = {isa = PBXBuildFile; fileRef = 84FC18E61C7D0784000E5407 /* CAlerta.swift */; };
		84FE64CD1CC919A20099A06C /* AccesoSistema.png in Resources */ = {isa = PBXBuildFile; fileRef = 84FE64CC1CC919A20099A06C /* AccesoSistema.png */; };
		84FEE8921CC403630095C322 /* CTarifa.swift in Sources */ = {isa = PBXBuildFile; fileRef = 84FEE8911CC403630095C322 /* CTarifa.swift */; };
		B5EC43E21D1D89EC009EDF4F /* Solicitud.png in Resources */ = {isa = PBXBuildFile; fileRef = B5EC43E11D1D89EC009EDF4F /* Solicitud.png */; };
		B5EC43E71D1DC0D7009EDF4F /* piemenu.png in Resources */ = {isa = PBXBuildFile; fileRef = B5EC43E61D1DC0D7009EDF4F /* piemenu.png */; };
		B5EDE7FB1D1EC225004E130E /* CTarifario.swift in Sources */ = {isa = PBXBuildFile; fileRef = B5EDE7FA1D1EC225004E130E /* CTarifario.swift */; };
		B5FB646C1D1C60C3006A2C70 /* Mapacopia.png in Resources */ = {isa = PBXBuildFile; fileRef = B5FB64671D1C60C3006A2C70 /* Mapacopia.png */; };
		B5FB646D1D1C60C3006A2C70 /* salir2copia.png in Resources */ = {isa = PBXBuildFile; fileRef = B5FB64681D1C60C3006A2C70 /* salir2copia.png */; };
		B5FB646E1D1C60C3006A2C70 /* solicitudespcopia.png in Resources */ = {isa = PBXBuildFile; fileRef = B5FB64691D1C60C3006A2C70 /* solicitudespcopia.png */; };
		B5FB646F1D1C60C3006A2C70 /* Tarifariocopia.png in Resources */ = {isa = PBXBuildFile; fileRef = B5FB646A1D1C60C3006A2C70 /* Tarifariocopia.png */; };
		B5FB64701D1C60C3006A2C70 /* Taximetrocopia.png in Resources */ = {isa = PBXBuildFile; fileRef = B5FB646B1D1C60C3006A2C70 /* Taximetrocopia.png */; };
		B5FB64721D1C6FB1006A2C70 /* soscopia.png in Resources */ = {isa = PBXBuildFile; fileRef = B5FB64711D1C6FB1006A2C70 /* soscopia.png */; };
/* End PBXBuildFile section */

/* Begin PBXContainerItemProxy section */
		844C44511C8E953000491321 /* PBXContainerItemProxy */ = {
			isa = PBXContainerItemProxy;
			containerPortal = 844C444C1C8E953000491321 /* Pods.xcodeproj */;
			proxyType = 2;
			remoteGlobalIDString = D0A70E8D60CAD530F05858FAEFEA9CB8;
			remoteInfo = Pods;
		};
		844C44531C8E953000491321 /* PBXContainerItemProxy */ = {
			isa = PBXContainerItemProxy;
			containerPortal = 844C444C1C8E953000491321 /* Pods.xcodeproj */;
			proxyType = 2;
			remoteGlobalIDString = D0C6AAFB707F711317C07D8E912675A3;
			remoteInfo = "Socket.IO-Client-Swift";
		};
		84F571581BCE958200FC18D5 /* PBXContainerItemProxy */ = {
			isa = PBXContainerItemProxy;
			containerPortal = 84F5713B1BCE958200FC18D5 /* Project object */;
			proxyType = 1;
			remoteGlobalIDString = 84F571421BCE958200FC18D5;
			remoteInfo = Xtaxi;
		};
		84F571631BCE958200FC18D5 /* PBXContainerItemProxy */ = {
			isa = PBXContainerItemProxy;
			containerPortal = 84F5713B1BCE958200FC18D5 /* Project object */;
			proxyType = 1;
			remoteGlobalIDString = 84F571421BCE958200FC18D5;
			remoteInfo = Xtaxi;
		};
/* End PBXContainerItemProxy section */

/* Begin PBXFileReference section */
		21A9D1A1EECEDF7E36EF4F2D /* Pods.debug.xcconfig */ = {isa = PBXFileReference; includeInIndex = 1; lastKnownFileType = text.xcconfig; name = Pods.debug.xcconfig; path = "Pods/Target Support Files/Pods/Pods.debug.xcconfig"; sourceTree = "<group>"; };
		55082FD3040A210B5A1D3C3C /* Pods.framework */ = {isa = PBXFileReference; explicitFileType = wrapper.framework; includeInIndex = 0; path = Pods.framework; sourceTree = BUILT_PRODUCTS_DIR; };
		842986EE1C614EDD00D78371 /* Base */ = {isa = PBXFileReference; lastKnownFileType = file.storyboard; name = Base; path = Base.lproj/Main.storyboard; sourceTree = "<group>"; };
		8430E3421C76E18700B85444 /* ic_sol1.png */ = {isa = PBXFileReference; lastKnownFileType = image.png; path = ic_sol1.png; sourceTree = "<group>"; };
		844C444C1C8E953000491321 /* Pods.xcodeproj */ = {isa = PBXFileReference; lastKnownFileType = "wrapper.pb-project"; name = Pods.xcodeproj; path = "../Xtaxi copia/Pods/Pods.xcodeproj"; sourceTree = "<group>"; };
		844E394B1C650EE7009EF09F /* PantallaSolic.swift */ = {isa = PBXFileReference; fileEncoding = 4; lastKnownFileType = sourcecode.swift; path = PantallaSolic.swift; sourceTree = "<group>"; };
		845AADE01C543B8500D4FFA4 /* CTaxi.swift */ = {isa = PBXFileReference; fileEncoding = 4; lastKnownFileType = sourcecode.swift; path = CTaxi.swift; sourceTree = "<group>"; };
		845AADE21C543CC400D4FFA4 /* CConductor.swift */ = {isa = PBXFileReference; fileEncoding = 4; lastKnownFileType = sourcecode.swift; path = CConductor.swift; sourceTree = "<group>"; };
		845C0F511C7633EF0050F852 /* chofer.png */ = {isa = PBXFileReference; lastKnownFileType = image.png; path = chofer.png; sourceTree = "<group>"; };
		845CE2ED1BE9E93F005C641B /* CoreLocation.framework */ = {isa = PBXFileReference; lastKnownFileType = wrapper.framework; name = CoreLocation.framework; path = System/Library/Frameworks/CoreLocation.framework; sourceTree = SDKROOT; };
		845CE2EF1BE9E971005C641B /* MapKit.framework */ = {isa = PBXFileReference; lastKnownFileType = wrapper.framework; name = MapKit.framework; path = System/Library/Frameworks/MapKit.framework; sourceTree = SDKROOT; };
		84609EE31C758E6F0056A282 /* aceptar1off.png */ = {isa = PBXFileReference; lastKnownFileType = image.png; path = aceptar1off.png; sourceTree = "<group>"; };
		84609EE41C758E6F0056A282 /* aceptar1on.png */ = {isa = PBXFileReference; lastKnownFileType = image.png; path = aceptar1on.png; sourceTree = "<group>"; };
		84609EE51C758E6F0056A282 /* back.png */ = {isa = PBXFileReference; lastKnownFileType = image.png; path = back.png; sourceTree = "<group>"; };
		84609EE61C758E6F0056A282 /* bbutoff.png */ = {isa = PBXFileReference; lastKnownFileType = image.png; path = bbutoff.png; sourceTree = "<group>"; };
		84609EE71C758E6F0056A282 /* bbuton.png */ = {isa = PBXFileReference; lastKnownFileType = image.png; path = bbuton.png; sourceTree = "<group>"; };
		84609EE81C758E6F0056A282 /* calendar.png */ = {isa = PBXFileReference; lastKnownFileType = image.png; path = calendar.png; sourceTree = "<group>"; };
		84609EE91C758E6F0056A282 /* cbutoff.png */ = {isa = PBXFileReference; lastKnownFileType = image.png; path = cbutoff.png; sourceTree = "<group>"; };
		84609EEA1C758E6F0056A282 /* cbuton.png */ = {isa = PBXFileReference; lastKnownFileType = image.png; path = cbuton.png; sourceTree = "<group>"; };
		84609EEB1C758E6F0056A282 /* dbutoff3.png */ = {isa = PBXFileReference; lastKnownFileType = image.png; path = dbutoff3.png; sourceTree = "<group>"; };
		84609EEC1C758E6F0056A282 /* dbuton3.png */ = {isa = PBXFileReference; lastKnownFileType = image.png; path = dbuton3.png; sourceTree = "<group>"; };
		84609EED1C758E6F0056A282 /* dclock.png */ = {isa = PBXFileReference; lastKnownFileType = image.png; path = dclock.png; sourceTree = "<group>"; };
		84609EEE1C758E6F0056A282 /* ddistancia.png */ = {isa = PBXFileReference; lastKnownFileType = image.png; path = ddistancia.png; sourceTree = "<group>"; };
		84609EEF1C758E6F0056A282 /* destino.png */ = {isa = PBXFileReference; lastKnownFileType = image.png; path = destino.png; sourceTree = "<group>"; };
		84609EF01C758E6F0056A282 /* destino2.png */ = {isa = PBXFileReference; lastKnownFileType = image.png; path = destino2.png; sourceTree = "<group>"; };
		84609EF11C758E6F0056A282 /* dmony.png */ = {isa = PBXFileReference; lastKnownFileType = image.png; path = dmony.png; sourceTree = "<group>"; };
		84609F011C758E6F0056A282 /* ic_launcher-1.png */ = {isa = PBXFileReference; lastKnownFileType = image.png; path = "ic_launcher-1.png"; sourceTree = "<group>"; };
		84609F021C758E6F0056A282 /* ic_salir2.png */ = {isa = PBXFileReference; lastKnownFileType = image.png; path = ic_salir2.png; sourceTree = "<group>"; };
		84609F031C758E6F0056A282 /* ic_sol.png */ = {isa = PBXFileReference; lastKnownFileType = image.png; path = ic_sol.png; sourceTree = "<group>"; };
		84609F051C758E6F0056A282 /* logpassfondo.png */ = {isa = PBXFileReference; lastKnownFileType = image.png; path = logpassfondo.png; sourceTree = "<group>"; };
		84609F0A1C758E6F0056A282 /* origen.png */ = {isa = PBXFileReference; lastKnownFileType = image.png; path = origen.png; sourceTree = "<group>"; };
		84609F0B1C758E6F0056A282 /* origen2.png */ = {isa = PBXFileReference; lastKnownFileType = image.png; path = origen2.png; sourceTree = "<group>"; };
		84609F0C1C758E6F0056A282 /* phoneoff.png */ = {isa = PBXFileReference; lastKnownFileType = image.png; path = phoneoff.png; sourceTree = "<group>"; };
		84609F0D1C758E6F0056A282 /* phoneon.png */ = {isa = PBXFileReference; lastKnownFileType = image.png; path = phoneon.png; sourceTree = "<group>"; };
		84609F0E1C758E6F0056A282 /* pulsa.png */ = {isa = PBXFileReference; lastKnownFileType = image.png; path = pulsa.png; sourceTree = "<group>"; };
		84609F0F1C758E6F0056A282 /* rbutoff.png */ = {isa = PBXFileReference; lastKnownFileType = image.png; path = rbutoff.png; sourceTree = "<group>"; };
		84609F101C758E6F0056A282 /* rbuton.png */ = {isa = PBXFileReference; lastKnownFileType = image.png; path = rbuton.png; sourceTree = "<group>"; };
		84609F131C758E6F0056A282 /* rrmapoff.png */ = {isa = PBXFileReference; lastKnownFileType = image.png; path = rrmapoff.png; sourceTree = "<group>"; };
		84609F141C758E6F0056A282 /* rrmapon.png */ = {isa = PBXFileReference; lastKnownFileType = image.png; path = rrmapon.png; sourceTree = "<group>"; };
		84609F151C758E6F0056A282 /* saliroff.png */ = {isa = PBXFileReference; lastKnownFileType = image.png; path = saliroff.png; sourceTree = "<group>"; };
		84609F161C758E6F0056A282 /* saliroff2.png */ = {isa = PBXFileReference; lastKnownFileType = image.png; path = saliroff2.png; sourceTree = "<group>"; };
		84609F171C758E6F0056A282 /* saliron.png */ = {isa = PBXFileReference; lastKnownFileType = image.png; path = saliron.png; sourceTree = "<group>"; };
		84609F181C758E6F0056A282 /* saliron2.png */ = {isa = PBXFileReference; lastKnownFileType = image.png; path = saliron2.png; sourceTree = "<group>"; };
		84609F191C758E6F0056A282 /* separador.png */ = {isa = PBXFileReference; lastKnownFileType = image.png; path = separador.png; sourceTree = "<group>"; };
		84609F1A1C758E6F0056A282 /* sinconexion.png */ = {isa = PBXFileReference; lastKnownFileType = image.png; path = sinconexion.png; sourceTree = "<group>"; };
		84609F1B1C758E6F0056A282 /* taxi_libre.png */ = {isa = PBXFileReference; lastKnownFileType = image.png; path = taxi_libre.png; sourceTree = "<group>"; };
		84609F1D1C758E6F0056A282 /* warning.png */ = {isa = PBXFileReference; lastKnownFileType = image.png; path = warning.png; sourceTree = "<group>"; };
		8461A4391C98743D00A8CFD0 /* CRuta.swift */ = {isa = PBXFileReference; fileEncoding = 4; lastKnownFileType = sourcecode.swift; path = CRuta.swift; sourceTree = "<group>"; };
		8462408E1BEABBB800F272D5 /* Entitlements.plist */ = {isa = PBXFileReference; fileEncoding = 4; lastKnownFileType = text.plist.xml; path = Entitlements.plist; sourceTree = "<group>"; };
		8466FDF51C626EF9002C23DB /* CSolPendiente.swift */ = {isa = PBXFileReference; fileEncoding = 4; lastKnownFileType = sourcecode.swift; path = CSolPendiente.swift; sourceTree = "<group>"; };
		84794F9C1CCA7DCC00C4DD33 /* encabezadosIOS@2x.png */ = {isa = PBXFileReference; lastKnownFileType = image.png; path = "encabezadosIOS@2x.png"; sourceTree = "<group>"; };
		84794F9D1CCA7DCC00C4DD33 /* encabezadosIOS@3x.png */ = {isa = PBXFileReference; lastKnownFileType = image.png; path = "encabezadosIOS@3x.png"; sourceTree = "<group>"; };
		84B9E07C1CC93E5700A96814 /* Encabezado.png */ = {isa = PBXFileReference; lastKnownFileType = image.png; path = Encabezado.png; sourceTree = "<group>"; };
		84B9E0801CC93F5400A96814 /* Pie.png */ = {isa = PBXFileReference; lastKnownFileType = image.png; path = Pie.png; sourceTree = "<group>"; };
		84C8E9251C82566C00F21E0B /* LocationManager.swift */ = {isa = PBXFileReference; fileEncoding = 4; lastKnownFileType = sourcecode.swift; path = LocationManager.swift; sourceTree = "<group>"; };
		84CD977B1C877E6900E658C0 /* ic_sol1 copia.png */ = {isa = PBXFileReference; lastKnownFileType = image.png; path = "ic_sol1 copia.png"; sourceTree = "<group>"; };
		84CD977F1C87C36E00E658C0 /* Contents.json */ = {isa = PBXFileReference; lastKnownFileType = text.json; name = Contents.json; path = "Images-2.xcassets/AppIcon-2.appiconset/Contents.json"; sourceTree = "<group>"; };
		84EA6BFE1CB55276009EC7A5 /* Evaluacion.png */ = {isa = PBXFileReference; lastKnownFileType = image.png; path = Evaluacion.png; sourceTree = "<group>"; };
		84EB25631CAA43230003E834 /* aceptarTest.png */ = {isa = PBXFileReference; lastKnownFileType = image.png; path = aceptarTest.png; sourceTree = "<group>"; };
		84EF6E6F1CB4245F00BC8A04 /* starimage.png */ = {isa = PBXFileReference; lastKnownFileType = image.png; path = starimage.png; sourceTree = "<group>"; };
		84EFA5C61CA8C56F004E8578 /* DatosCondTest.png */ = {isa = PBXFileReference; lastKnownFileType = image.png; path = DatosCondTest.png; sourceTree = "<group>"; };
		84EFA5CA1CA8C7E7004E8578 /* aceptarTest320x50.png */ = {isa = PBXFileReference; lastKnownFileType = image.png; path = aceptarTest320x50.png; sourceTree = "<group>"; };
		84EFA5CC1CA8CC88004E8578 /* aceptarTest161x50.png */ = {isa = PBXFileReference; lastKnownFileType = image.png; path = aceptarTest161x50.png; sourceTree = "<group>"; };
		84EFA5CD1CA8CC88004E8578 /* cancelarTest161x50.png */ = {isa = PBXFileReference; lastKnownFileType = image.png; path = cancelarTest161x50.png; sourceTree = "<group>"; };
		84F019401CD183BE002D1BDE /* sos.png */ = {isa = PBXFileReference; lastKnownFileType = image.png; path = sos.png; sourceTree = "<group>"; };
		84F019441CD18E56002D1BDE /* Mapa.png */ = {isa = PBXFileReference; lastKnownFileType = image.png; path = Mapa.png; sourceTree = "<group>"; };
		84F019461CD1AA6A002D1BDE /* Taximetro.png */ = {isa = PBXFileReference; lastKnownFileType = image.png; path = Taximetro.png; sourceTree = "<group>"; };
		84F019481CD1B780002D1BDE /* Tarifario.png */ = {isa = PBXFileReference; lastKnownFileType = image.png; path = Tarifario.png; sourceTree = "<group>"; };
		84F08BE71CA71B7B00EB2919 /* BlueIOS.png */ = {isa = PBXFileReference; lastKnownFileType = image.png; path = BlueIOS.png; sourceTree = "<group>"; };
		84F0D9FC1C5BB52C00C7E962 /* CSolicitud.swift */ = {isa = PBXFileReference; fileEncoding = 4; lastKnownFileType = sourcecode.swift; path = CSolicitud.swift; sourceTree = "<group>"; };
		84F0EEC81CA5D102007E969F /* ExplicacionIma.png */ = {isa = PBXFileReference; lastKnownFileType = image.png; path = ExplicacionIma.png; sourceTree = "<group>"; };
		84F1DC191CA41F8B00B859FE /* detalles.png */ = {isa = PBXFileReference; lastKnownFileType = image.png; path = detalles.png; sourceTree = "<group>"; };
		84F1F6B01CACCA87001C46FB /* OpcionesTest.png */ = {isa = PBXFileReference; lastKnownFileType = image.png; path = OpcionesTest.png; sourceTree = "<group>"; };
		84F1F6B11CACCA87001C46FB /* OpcionSelecTest.png */ = {isa = PBXFileReference; lastKnownFileType = image.png; path = OpcionSelecTest.png; sourceTree = "<group>"; };
		84F229781CE3C4E600D492AA /* Launch Screen.storyboard */ = {isa = PBXFileReference; fileEncoding = 4; lastKnownFileType = file.storyboard; path = "Launch Screen.storyboard"; sourceTree = "<group>"; };
		84F2297C1CE3C93D00D492AA /* Launch.png */ = {isa = PBXFileReference; lastKnownFileType = image.png; path = Launch.png; sourceTree = "<group>"; };
		84F22CA31CDBEB0300CDC432 /* Voz.png */ = {isa = PBXFileReference; lastKnownFileType = image.png; path = Voz.png; sourceTree = "<group>"; };
		84F22CA71CDC117300CDC432 /* CSMSVoz.swift */ = {isa = PBXFileReference; fileEncoding = 4; lastKnownFileType = sourcecode.swift; path = CSMSVoz.swift; sourceTree = "<group>"; };
		84F2840A1CD697430074E07A /* solicitudesp.png */ = {isa = PBXFileReference; lastKnownFileType = image.png; path = solicitudesp.png; sourceTree = "<group>"; };
		84F28A271CC13CC400529F53 /* Images-5.xcassets */ = {isa = PBXFileReference; lastKnownFileType = folder.assetcatalog; path = "Images-5.xcassets"; sourceTree = "<group>"; };
		84F28A291CC13DE600529F53 /* ic_vecino.png */ = {isa = PBXFileReference; lastKnownFileType = image.png; path = ic_vecino.png; sourceTree = "<group>"; };
		84F28A2A1CC13DE600529F53 /* ic_vecino@2x.png */ = {isa = PBXFileReference; lastKnownFileType = image.png; path = "ic_vecino@2x.png"; sourceTree = "<group>"; };
		84F28A2B1CC13DE600529F53 /* ic_vecino@3x.png */ = {isa = PBXFileReference; lastKnownFileType = image.png; path = "ic_vecino@3x.png"; sourceTree = "<group>"; };
		84F28A311CC14F1700529F53 /* logpassfondo@2X.png */ = {isa = PBXFileReference; lastKnownFileType = image.png; path = "logpassfondo@2X.png"; sourceTree = "<group>"; };
		84F28A351CC1635500529F53 /* origen2@2x.png */ = {isa = PBXFileReference; lastKnownFileType = image.png; path = "origen2@2x.png"; sourceTree = "<group>"; };
		84F28A371CC1672100529F53 /* destino2@2x.png */ = {isa = PBXFileReference; lastKnownFileType = image.png; path = "destino2@2x.png"; sourceTree = "<group>"; };
		84F2E9881C9B18D60075BC72 /* PantallaInicio.swift */ = {isa = PBXFileReference; fileEncoding = 4; lastKnownFileType = sourcecode.swift; path = PantallaInicio.swift; sourceTree = "<group>"; };
		84F3041C1CC7F14C009EAEF8 /* fondoUT@2x.png */ = {isa = PBXFileReference; lastKnownFileType = image.png; path = "fondoUT@2x.png"; sourceTree = "<group>"; };
		84F3041F1CC7F77A009EAEF8 /* fondoUT@3x.png */ = {isa = PBXFileReference; lastKnownFileType = image.png; path = "fondoUT@3x.png"; sourceTree = "<group>"; };
		84F304231CC7F875009EAEF8 /* logpassfondo@3x.png */ = {isa = PBXFileReference; lastKnownFileType = image.png; path = "logpassfondo@3x.png"; sourceTree = "<group>"; };
		84F3F5071CB853C500AEDF31 /* fondoUT.png */ = {isa = PBXFileReference; lastKnownFileType = image.png; path = fondoUT.png; sourceTree = "<group>"; };
		84F493CF1CA11AFD00A54C36 /* yellowIOS.png */ = {isa = PBXFileReference; lastKnownFileType = image.png; path = yellowIOS.png; sourceTree = "<group>"; };
		84F493D21CA11C8800A54C36 /* encabezadosIOS.png */ = {isa = PBXFileReference; lastKnownFileType = image.png; path = encabezadosIOS.png; sourceTree = "<group>"; };
		84F493D41CA1311300A54C36 /* ic_solIOS.png */ = {isa = PBXFileReference; lastKnownFileType = image.png; path = ic_solIOS.png; sourceTree = "<group>"; };
		84F493D61CA137AD00A54C36 /* solpendientes.png */ = {isa = PBXFileReference; lastKnownFileType = image.png; path = solpendientes.png; sourceTree = "<group>"; };
		84F4F8F21CDF045D0090FDD9 /* selectmenu.png */ = {isa = PBXFileReference; lastKnownFileType = image.png; path = selectmenu.png; sourceTree = "<group>"; };
		84F5090E1CA895130032D487 /* CancelarTest.png */ = {isa = PBXFileReference; lastKnownFileType = image.png; path = CancelarTest.png; sourceTree = "<group>"; };
		84F509111CA897560032D487 /* EvaluarTest.png */ = {isa = PBXFileReference; lastKnownFileType = image.png; path = EvaluarTest.png; sourceTree = "<group>"; };
		84F5091F1CA8A4700032D487 /* AceptarSoloTest.png */ = {isa = PBXFileReference; lastKnownFileType = image.png; path = AceptarSoloTest.png; sourceTree = "<group>"; };
		84F571431BCE958200FC18D5 /* XTaxi.temp_caseinsensitive_rename.app */ = {isa = PBXFileReference; explicitFileType = wrapper.application; includeInIndex = 0; path = XTaxi.temp_caseinsensitive_rename.app; sourceTree = BUILT_PRODUCTS_DIR; };
		84F571461BCE958200FC18D5 /* AppDelegate.swift */ = {isa = PBXFileReference; lastKnownFileType = sourcecode.swift; path = AppDelegate.swift; sourceTree = "<group>"; };
		84F571481BCE958200FC18D5 /* ViewController.swift */ = {isa = PBXFileReference; lastKnownFileType = sourcecode.swift; path = ViewController.swift; sourceTree = "<group>"; };
		84F571521BCE958200FC18D5 /* Info.plist */ = {isa = PBXFileReference; lastKnownFileType = text.plist.xml; path = Info.plist; sourceTree = "<group>"; };
		84F571571BCE958200FC18D5 /* XTaxi.temp_caseinsensitive_rename.xctest */ = {isa = PBXFileReference; explicitFileType = wrapper.cfbundle; includeInIndex = 0; path = XTaxi.temp_caseinsensitive_rename.xctest; sourceTree = BUILT_PRODUCTS_DIR; };
		84F5715B1BCE958200FC18D5 /* XtaxiTests.swift */ = {isa = PBXFileReference; lastKnownFileType = sourcecode.swift; path = XtaxiTests.swift; sourceTree = "<group>"; };
		84F5715D1BCE958200FC18D5 /* Info.plist */ = {isa = PBXFileReference; lastKnownFileType = text.plist.xml; path = Info.plist; sourceTree = "<group>"; };
		84F571621BCE958200FC18D5 /* XTaxi.temp_caseinsensitive_rename.xctest */ = {isa = PBXFileReference; explicitFileType = wrapper.cfbundle; includeInIndex = 0; path = XTaxi.temp_caseinsensitive_rename.xctest; sourceTree = BUILT_PRODUCTS_DIR; };
		84F571661BCE958200FC18D5 /* XtaxiUITests.swift */ = {isa = PBXFileReference; lastKnownFileType = sourcecode.swift; path = XtaxiUITests.swift; sourceTree = "<group>"; };
		84F571681BCE958200FC18D5 /* Info.plist */ = {isa = PBXFileReference; lastKnownFileType = text.plist.xml; path = Info.plist; sourceTree = "<group>"; };
		84F571741BCE964100FC18D5 /* CCliente.swift */ = {isa = PBXFileReference; fileEncoding = 4; lastKnownFileType = sourcecode.swift; path = CCliente.swift; sourceTree = "<group>"; };
		84F571781BCF6CEE00FC18D5 /* CSocket.swift */ = {isa = PBXFileReference; fileEncoding = 4; lastKnownFileType = sourcecode.swift; path = CSocket.swift; sourceTree = "<group>"; };
		84F5868E1CA5217E004AC03C /* prueba.png */ = {isa = PBXFileReference; lastKnownFileType = image.png; path = prueba.png; sourceTree = "<group>"; };
		84F6AC591CE27B3E0037604D /* untaxi.png */ = {isa = PBXFileReference; lastKnownFileType = image.png; path = untaxi.png; sourceTree = "<group>"; };
		84F746991CA25F6300AEFC85 /* formSolici.png */ = {isa = PBXFileReference; lastKnownFileType = image.png; path = formSolici.png; sourceTree = "<group>"; };
		84F7469D1CA2685500AEFC85 /* alerta.png */ = {isa = PBXFileReference; lastKnownFileType = image.png; path = alerta.png; sourceTree = "<group>"; };
		84F748561CB5B9680014B07D /* llamartest.png */ = {isa = PBXFileReference; lastKnownFileType = image.png; path = llamartest.png; sourceTree = "<group>"; };
		84F7E37E1CB38159008D4713 /* CEvaluacion.swift */ = {isa = PBXFileReference; fileEncoding = 4; lastKnownFileType = sourcecode.swift; path = CEvaluacion.swift; sourceTree = "<group>"; };
		84F7E3821CB389A6008D4713 /* stargris.png */ = {isa = PBXFileReference; lastKnownFileType = image.png; path = stargris.png; sourceTree = "<group>"; };
		84F7E3841CB38C04008D4713 /* stardorada.png */ = {isa = PBXFileReference; lastKnownFileType = image.png; path = stardorada.png; sourceTree = "<group>"; };
		84F83E6F1CC994DB00FDC18D /* AccesoSistema@2x.png */ = {isa = PBXFileReference; lastKnownFileType = image.png; path = "AccesoSistema@2x.png"; sourceTree = "<group>"; };
		84F83E701CC994DB00FDC18D /* AccesoSistema@3x.png */ = {isa = PBXFileReference; lastKnownFileType = image.png; path = "AccesoSistema@3x.png"; sourceTree = "<group>"; };
		84F9692E1CCBF01900B32C2C /* Gris.png */ = {isa = PBXFileReference; lastKnownFileType = image.png; path = Gris.png; sourceTree = "<group>"; };
		84F9D2C51CDE8850008F1E10 /* calcular.png */ = {isa = PBXFileReference; lastKnownFileType = image.png; path = calcular.png; sourceTree = "<group>"; };
		84FC18E61C7D0784000E5407 /* CAlerta.swift */ = {isa = PBXFileReference; fileEncoding = 4; lastKnownFileType = sourcecode.swift; path = CAlerta.swift; sourceTree = "<group>"; };
		84FC7EDF1BEA6DE50068007B /* GoogleMaps.framework */ = {isa = PBXFileReference; lastKnownFileType = wrapper.framework; name = GoogleMaps.framework; path = Pods/GoogleMaps/Frameworks/GoogleMaps.framework; sourceTree = "<group>"; };
		84FE64CC1CC919A20099A06C /* AccesoSistema.png */ = {isa = PBXFileReference; lastKnownFileType = image.png; path = AccesoSistema.png; sourceTree = "<group>"; };
		84FEE8911CC403630095C322 /* CTarifa.swift */ = {isa = PBXFileReference; fileEncoding = 4; lastKnownFileType = sourcecode.swift; path = CTarifa.swift; sourceTree = "<group>"; };
		B5EC43E11D1D89EC009EDF4F /* Solicitud.png */ = {isa = PBXFileReference; lastKnownFileType = image.png; path = Solicitud.png; sourceTree = "<group>"; };
		B5EC43E61D1DC0D7009EDF4F /* piemenu.png */ = {isa = PBXFileReference; lastKnownFileType = image.png; path = piemenu.png; sourceTree = "<group>"; };
		B5EDE7FA1D1EC225004E130E /* CTarifario.swift */ = {isa = PBXFileReference; fileEncoding = 4; lastKnownFileType = sourcecode.swift; path = CTarifario.swift; sourceTree = "<group>"; };
		B5FB64671D1C60C3006A2C70 /* Mapacopia.png */ = {isa = PBXFileReference; lastKnownFileType = image.png; path = Mapacopia.png; sourceTree = "<group>"; };
		B5FB64681D1C60C3006A2C70 /* salir2copia.png */ = {isa = PBXFileReference; lastKnownFileType = image.png; path = salir2copia.png; sourceTree = "<group>"; };
		B5FB64691D1C60C3006A2C70 /* solicitudespcopia.png */ = {isa = PBXFileReference; lastKnownFileType = image.png; path = solicitudespcopia.png; sourceTree = "<group>"; };
		B5FB646A1D1C60C3006A2C70 /* Tarifariocopia.png */ = {isa = PBXFileReference; lastKnownFileType = image.png; path = Tarifariocopia.png; sourceTree = "<group>"; };
		B5FB646B1D1C60C3006A2C70 /* Taximetrocopia.png */ = {isa = PBXFileReference; lastKnownFileType = image.png; path = Taximetrocopia.png; sourceTree = "<group>"; };
		B5FB64711D1C6FB1006A2C70 /* soscopia.png */ = {isa = PBXFileReference; lastKnownFileType = image.png; path = soscopia.png; sourceTree = "<group>"; };
		C6E3C8FA07E97EE50D7AB02C /* Pods.release.xcconfig */ = {isa = PBXFileReference; includeInIndex = 1; lastKnownFileType = text.xcconfig; name = Pods.release.xcconfig; path = "Pods/Target Support Files/Pods/Pods.release.xcconfig"; sourceTree = "<group>"; };
/* End PBXFileReference section */

/* Begin PBXFrameworksBuildPhase section */
		84F571401BCE958200FC18D5 /* Frameworks */ = {
			isa = PBXFrameworksBuildPhase;
			buildActionMask = 2147483647;
			files = (
				846F5AF11C8CF7D300EBD403 /* GoogleMaps.framework in Frameworks */,
				845CE2F01BE9E971005C641B /* MapKit.framework in Frameworks */,
				845CE2EE1BE9E93F005C641B /* CoreLocation.framework in Frameworks */,
				4CEE432417F95768F8849D49 /* Pods.framework in Frameworks */,
			);
			runOnlyForDeploymentPostprocessing = 0;
		};
		84F571541BCE958200FC18D5 /* Frameworks */ = {
			isa = PBXFrameworksBuildPhase;
			buildActionMask = 2147483647;
			files = (
			);
			runOnlyForDeploymentPostprocessing = 0;
		};
		84F5715F1BCE958200FC18D5 /* Frameworks */ = {
			isa = PBXFrameworksBuildPhase;
			buildActionMask = 2147483647;
			files = (
			);
			runOnlyForDeploymentPostprocessing = 0;
		};
/* End PBXFrameworksBuildPhase section */

/* Begin PBXGroup section */
		806E675426FD1B3FEF7755DC /* Frameworks */ = {
			isa = PBXGroup;
			children = (
				84FC7EDF1BEA6DE50068007B /* GoogleMaps.framework */,
				845CE2EF1BE9E971005C641B /* MapKit.framework */,
				845CE2ED1BE9E93F005C641B /* CoreLocation.framework */,
				55082FD3040A210B5A1D3C3C /* Pods.framework */,
			);
			name = Frameworks;
			sourceTree = "<group>";
		};
		844C444D1C8E953000491321 /* Products */ = {
			isa = PBXGroup;
			children = (
				844C44521C8E953000491321 /* Pods.framework */,
				844C44541C8E953000491321 /* Socket_IO_Client_Swift.framework */,
			);
			name = Products;
			sourceTree = "<group>";
		};
		84609EE21C758E6F0056A282 /* icons */ = {
			isa = PBXGroup;
			children = (
				B5EC43E61D1DC0D7009EDF4F /* piemenu.png */,
				B5EC43E11D1D89EC009EDF4F /* Solicitud.png */,
				B5FB64711D1C6FB1006A2C70 /* soscopia.png */,
				B5FB64671D1C60C3006A2C70 /* Mapacopia.png */,
				B5FB64681D1C60C3006A2C70 /* salir2copia.png */,
				B5FB64691D1C60C3006A2C70 /* solicitudespcopia.png */,
				B5FB646A1D1C60C3006A2C70 /* Tarifariocopia.png */,
				B5FB646B1D1C60C3006A2C70 /* Taximetrocopia.png */,
				84F2297C1CE3C93D00D492AA /* Launch.png */,
				84F6AC591CE27B3E0037604D /* untaxi.png */,
				84F4F8F21CDF045D0090FDD9 /* selectmenu.png */,
				84F9D2C51CDE8850008F1E10 /* calcular.png */,
				84F22CA31CDBEB0300CDC432 /* Voz.png */,
				84F2840A1CD697430074E07A /* solicitudesp.png */,
				84F019481CD1B780002D1BDE /* Tarifario.png */,
				84F019461CD1AA6A002D1BDE /* Taximetro.png */,
				84F019441CD18E56002D1BDE /* Mapa.png */,
				84F019401CD183BE002D1BDE /* sos.png */,
				84F9692E1CCBF01900B32C2C /* Gris.png */,
				84794F9C1CCA7DCC00C4DD33 /* encabezadosIOS@2x.png */,
				84794F9D1CCA7DCC00C4DD33 /* encabezadosIOS@3x.png */,
				84F83E6F1CC994DB00FDC18D /* AccesoSistema@2x.png */,
				84F83E701CC994DB00FDC18D /* AccesoSistema@3x.png */,
				84B9E0801CC93F5400A96814 /* Pie.png */,
				84B9E07C1CC93E5700A96814 /* Encabezado.png */,
				84FE64CC1CC919A20099A06C /* AccesoSistema.png */,
				84F304231CC7F875009EAEF8 /* logpassfondo@3x.png */,
				84F3041F1CC7F77A009EAEF8 /* fondoUT@3x.png */,
				84F3041C1CC7F14C009EAEF8 /* fondoUT@2x.png */,
				84F28A371CC1672100529F53 /* destino2@2x.png */,
				84F28A351CC1635500529F53 /* origen2@2x.png */,
				84F28A311CC14F1700529F53 /* logpassfondo@2X.png */,
				84F28A291CC13DE600529F53 /* ic_vecino.png */,
				84F28A2A1CC13DE600529F53 /* ic_vecino@2x.png */,
				84F28A2B1CC13DE600529F53 /* ic_vecino@3x.png */,
				84F3F5071CB853C500AEDF31 /* fondoUT.png */,
				84F748561CB5B9680014B07D /* llamartest.png */,
				84EA6BFE1CB55276009EC7A5 /* Evaluacion.png */,
				84EF6E6F1CB4245F00BC8A04 /* starimage.png */,
				84F7E3841CB38C04008D4713 /* stardorada.png */,
				84F7E3821CB389A6008D4713 /* stargris.png */,
				84F1F6B01CACCA87001C46FB /* OpcionesTest.png */,
				84F1F6B11CACCA87001C46FB /* OpcionSelecTest.png */,
				84EB25631CAA43230003E834 /* aceptarTest.png */,
				84EFA5CC1CA8CC88004E8578 /* aceptarTest161x50.png */,
				84EFA5CD1CA8CC88004E8578 /* cancelarTest161x50.png */,
				84EFA5CA1CA8C7E7004E8578 /* aceptarTest320x50.png */,
				84EFA5C61CA8C56F004E8578 /* DatosCondTest.png */,
				84F5091F1CA8A4700032D487 /* AceptarSoloTest.png */,
				84F509111CA897560032D487 /* EvaluarTest.png */,
				84F5090E1CA895130032D487 /* CancelarTest.png */,
				84F08BE71CA71B7B00EB2919 /* BlueIOS.png */,
				84F0EEC81CA5D102007E969F /* ExplicacionIma.png */,
				84F5868E1CA5217E004AC03C /* prueba.png */,
				84F1DC191CA41F8B00B859FE /* detalles.png */,
				84F7469D1CA2685500AEFC85 /* alerta.png */,
				84F746991CA25F6300AEFC85 /* formSolici.png */,
				84F493D61CA137AD00A54C36 /* solpendientes.png */,
				84F493D41CA1311300A54C36 /* ic_solIOS.png */,
				84F493D21CA11C8800A54C36 /* encabezadosIOS.png */,
				84F493CF1CA11AFD00A54C36 /* yellowIOS.png */,
				84CD977B1C877E6900E658C0 /* ic_sol1 copia.png */,
				8430E3421C76E18700B85444 /* ic_sol1.png */,
				845C0F511C7633EF0050F852 /* chofer.png */,
				84609EE31C758E6F0056A282 /* aceptar1off.png */,
				84609EE41C758E6F0056A282 /* aceptar1on.png */,
				84609EE51C758E6F0056A282 /* back.png */,
				84609EE61C758E6F0056A282 /* bbutoff.png */,
				84609EE71C758E6F0056A282 /* bbuton.png */,
				84609EE81C758E6F0056A282 /* calendar.png */,
				84609EE91C758E6F0056A282 /* cbutoff.png */,
				84609EEA1C758E6F0056A282 /* cbuton.png */,
				84609EEB1C758E6F0056A282 /* dbutoff3.png */,
				84609EEC1C758E6F0056A282 /* dbuton3.png */,
				84609EED1C758E6F0056A282 /* dclock.png */,
				84609EEE1C758E6F0056A282 /* ddistancia.png */,
				84609EEF1C758E6F0056A282 /* destino.png */,
				84609EF01C758E6F0056A282 /* destino2.png */,
				84609EF11C758E6F0056A282 /* dmony.png */,
				84609F011C758E6F0056A282 /* ic_launcher-1.png */,
				84609F021C758E6F0056A282 /* ic_salir2.png */,
				84609F031C758E6F0056A282 /* ic_sol.png */,
				84609F051C758E6F0056A282 /* logpassfondo.png */,
				84609F0A1C758E6F0056A282 /* origen.png */,
				84609F0B1C758E6F0056A282 /* origen2.png */,
				84609F0C1C758E6F0056A282 /* phoneoff.png */,
				84609F0D1C758E6F0056A282 /* phoneon.png */,
				84609F0E1C758E6F0056A282 /* pulsa.png */,
				84609F0F1C758E6F0056A282 /* rbutoff.png */,
				84609F101C758E6F0056A282 /* rbuton.png */,
				84609F131C758E6F0056A282 /* rrmapoff.png */,
				84609F141C758E6F0056A282 /* rrmapon.png */,
				84609F151C758E6F0056A282 /* saliroff.png */,
				84609F161C758E6F0056A282 /* saliroff2.png */,
				84609F171C758E6F0056A282 /* saliron.png */,
				84609F181C758E6F0056A282 /* saliron2.png */,
				84609F191C758E6F0056A282 /* separador.png */,
				84609F1A1C758E6F0056A282 /* sinconexion.png */,
				84609F1B1C758E6F0056A282 /* taxi_libre.png */,
				84609F1D1C758E6F0056A282 /* warning.png */,
			);
			name = icons;
			path = Xtaxi/icons;
			sourceTree = "<group>";
		};
		84F5713A1BCE958200FC18D5 = {
			isa = PBXGroup;
			children = (
				844C444C1C8E953000491321 /* Pods.xcodeproj */,
				84609EE21C758E6F0056A282 /* icons */,
				8462408E1BEABBB800F272D5 /* Entitlements.plist */,
				84F571451BCE958200FC18D5 /* Xtaxi */,
				84F5715A1BCE958200FC18D5 /* XtaxiTests */,
				84F571651BCE958200FC18D5 /* XtaxiUITests */,
				84F571441BCE958200FC18D5 /* Products */,
				F34842C3413AF65EC80ECFC0 /* Pods */,
				806E675426FD1B3FEF7755DC /* Frameworks */,
			);
			sourceTree = "<group>";
		};
		84F571441BCE958200FC18D5 /* Products */ = {
			isa = PBXGroup;
			children = (
				84F571431BCE958200FC18D5 /* XTaxi.temp_caseinsensitive_rename.app */,
				84F571571BCE958200FC18D5 /* XTaxi.temp_caseinsensitive_rename.xctest */,
				84F571621BCE958200FC18D5 /* XTaxi.temp_caseinsensitive_rename.xctest */,
			);
			name = Products;
			sourceTree = "<group>";
		};
		84F571451BCE958200FC18D5 /* Xtaxi */ = {
			isa = PBXGroup;
			children = (
				84F2E9881C9B18D60075BC72 /* PantallaInicio.swift */,
				84C8E9251C82566C00F21E0B /* LocationManager.swift */,
				84F571461BCE958200FC18D5 /* AppDelegate.swift */,
				84F571481BCE958200FC18D5 /* ViewController.swift */,
				844E394B1C650EE7009EF09F /* PantallaSolic.swift */,
				842986ED1C614EDD00D78371 /* Main.storyboard */,
				84F571521BCE958200FC18D5 /* Info.plist */,
				8461A4391C98743D00A8CFD0 /* CRuta.swift */,
				84F571741BCE964100FC18D5 /* CCliente.swift */,
				84F571781BCF6CEE00FC18D5 /* CSocket.swift */,
				845AADE01C543B8500D4FFA4 /* CTaxi.swift */,
				845AADE21C543CC400D4FFA4 /* CConductor.swift */,
				84F0D9FC1C5BB52C00C7E962 /* CSolicitud.swift */,
				8466FDF51C626EF9002C23DB /* CSolPendiente.swift */,
				84FC18E61C7D0784000E5407 /* CAlerta.swift */,
				84CD977F1C87C36E00E658C0 /* Contents.json */,
				84F7E37E1CB38159008D4713 /* CEvaluacion.swift */,
				84F28A271CC13CC400529F53 /* Images-5.xcassets */,
				84FEE8911CC403630095C322 /* CTarifa.swift */,
				84F22CA71CDC117300CDC432 /* CSMSVoz.swift */,
				84F229781CE3C4E600D492AA /* Launch Screen.storyboard */,
				B5EDE7FA1D1EC225004E130E /* CTarifario.swift */,
			);
			path = Xtaxi;
			sourceTree = "<group>";
		};
		84F5715A1BCE958200FC18D5 /* XtaxiTests */ = {
			isa = PBXGroup;
			children = (
				84F5715B1BCE958200FC18D5 /* XtaxiTests.swift */,
				84F5715D1BCE958200FC18D5 /* Info.plist */,
			);
			path = XtaxiTests;
			sourceTree = "<group>";
		};
		84F571651BCE958200FC18D5 /* XtaxiUITests */ = {
			isa = PBXGroup;
			children = (
				84F571661BCE958200FC18D5 /* XtaxiUITests.swift */,
				84F571681BCE958200FC18D5 /* Info.plist */,
			);
			path = XtaxiUITests;
			sourceTree = "<group>";
		};
		F34842C3413AF65EC80ECFC0 /* Pods */ = {
			isa = PBXGroup;
			children = (
				21A9D1A1EECEDF7E36EF4F2D /* Pods.debug.xcconfig */,
				C6E3C8FA07E97EE50D7AB02C /* Pods.release.xcconfig */,
			);
			name = Pods;
			sourceTree = "<group>";
		};
/* End PBXGroup section */

/* Begin PBXNativeTarget section */
		84F571421BCE958200FC18D5 /* XTaxi */ = {
			isa = PBXNativeTarget;
			buildConfigurationList = 84F5716B1BCE958200FC18D5 /* Build configuration list for PBXNativeTarget "XTaxi" */;
			buildPhases = (
				93794A4E94289F25FE36D102 /* Check Pods Manifest.lock */,
				84F5713F1BCE958200FC18D5 /* Sources */,
				84F571401BCE958200FC18D5 /* Frameworks */,
				84F571411BCE958200FC18D5 /* Resources */,
				D29486F2E230F129507438AA /* Embed Pods Frameworks */,
				12D55C841B9F8B2EA20182FC /* Copy Pods Resources */,
			);
			buildRules = (
			);
			dependencies = (
			);
			name = XTaxi;
			productName = Xtaxi;
			productReference = 84F571431BCE958200FC18D5 /* XTaxi.temp_caseinsensitive_rename.app */;
			productType = "com.apple.product-type.application";
		};
		84F571561BCE958200FC18D5 /* XTaxiTests */ = {
			isa = PBXNativeTarget;
			buildConfigurationList = 84F5716E1BCE958200FC18D5 /* Build configuration list for PBXNativeTarget "XTaxiTests" */;
			buildPhases = (
				84F571531BCE958200FC18D5 /* Sources */,
				84F571541BCE958200FC18D5 /* Frameworks */,
				84F571551BCE958200FC18D5 /* Resources */,
			);
			buildRules = (
			);
			dependencies = (
				84F571591BCE958200FC18D5 /* PBXTargetDependency */,
			);
			name = XTaxiTests;
			productName = XtaxiTests;
			productReference = 84F571571BCE958200FC18D5 /* XTaxi.temp_caseinsensitive_rename.xctest */;
			productType = "com.apple.product-type.bundle.unit-test";
		};
		84F571611BCE958200FC18D5 /* XTaxiUITests */ = {
			isa = PBXNativeTarget;
			buildConfigurationList = 84F571711BCE958200FC18D5 /* Build configuration list for PBXNativeTarget "XTaxiUITests" */;
			buildPhases = (
				84F5715E1BCE958200FC18D5 /* Sources */,
				84F5715F1BCE958200FC18D5 /* Frameworks */,
				84F571601BCE958200FC18D5 /* Resources */,
			);
			buildRules = (
			);
			dependencies = (
				84F571641BCE958200FC18D5 /* PBXTargetDependency */,
			);
			name = XTaxiUITests;
			productName = XtaxiUITests;
			productReference = 84F571621BCE958200FC18D5 /* XTaxi.temp_caseinsensitive_rename.xctest */;
			productType = "com.apple.product-type.bundle.ui-testing";
		};
/* End PBXNativeTarget section */

/* Begin PBXProject section */
		84F5713B1BCE958200FC18D5 /* Project object */ = {
			isa = PBXProject;
			attributes = {
				LastUpgradeCheck = 0700;
				ORGANIZATIONNAME = "Done Santana";
				TargetAttributes = {
					84F571421BCE958200FC18D5 = {
						CreatedOnToolsVersion = 7.0.1;
						DevelopmentTeam = 83RPAG5RXA;
					};
					84F571561BCE958200FC18D5 = {
						CreatedOnToolsVersion = 7.0.1;
						TestTargetID = 84F571421BCE958200FC18D5;
					};
					84F571611BCE958200FC18D5 = {
						CreatedOnToolsVersion = 7.0.1;
						TestTargetID = 84F571421BCE958200FC18D5;
					};
				};
			};
			buildConfigurationList = 84F5713E1BCE958200FC18D5 /* Build configuration list for PBXProject "XTaxi" */;
			compatibilityVersion = "Xcode 3.2";
			developmentRegion = English;
			hasScannedForEncodings = 0;
			knownRegions = (
				en,
				Base,
			);
			mainGroup = 84F5713A1BCE958200FC18D5;
			productRefGroup = 84F571441BCE958200FC18D5 /* Products */;
			projectDirPath = "";
			projectReferences = (
				{
					ProductGroup = 844C444D1C8E953000491321 /* Products */;
					ProjectRef = 844C444C1C8E953000491321 /* Pods.xcodeproj */;
				},
			);
			projectRoot = "";
			targets = (
				84F571421BCE958200FC18D5 /* XTaxi */,
				84F571561BCE958200FC18D5 /* XTaxiTests */,
				84F571611BCE958200FC18D5 /* XTaxiUITests */,
			);
		};
/* End PBXProject section */

/* Begin PBXReferenceProxy section */
		844C44521C8E953000491321 /* Pods.framework */ = {
			isa = PBXReferenceProxy;
			fileType = wrapper.framework;
			path = Pods.framework;
			remoteRef = 844C44511C8E953000491321 /* PBXContainerItemProxy */;
			sourceTree = BUILT_PRODUCTS_DIR;
		};
		844C44541C8E953000491321 /* Socket_IO_Client_Swift.framework */ = {
			isa = PBXReferenceProxy;
			fileType = wrapper.framework;
			path = Socket_IO_Client_Swift.framework;
			remoteRef = 844C44531C8E953000491321 /* PBXContainerItemProxy */;
			sourceTree = BUILT_PRODUCTS_DIR;
		};
/* End PBXReferenceProxy section */

/* Begin PBXResourcesBuildPhase section */
		84F571411BCE958200FC18D5 /* Resources */ = {
			isa = PBXResourcesBuildPhase;
			buildActionMask = 2147483647;
			files = (
				B5FB64721D1C6FB1006A2C70 /* soscopia.png in Resources */,
				84EFA5CB1CA8C7E7004E8578 /* aceptarTest320x50.png in Resources */,
				84EA6BFF1CB55276009EC7A5 /* Evaluacion.png in Resources */,
				84F83E721CC994DB00FDC18D /* AccesoSistema@3x.png in Resources */,
				84F304241CC7F875009EAEF8 /* logpassfondo@3x.png in Resources */,
				84F493D51CA1311300A54C36 /* ic_solIOS.png in Resources */,
				84609F2B1C758E6F0056A282 /* bbutoff.png in Resources */,
				84F493D11CA11AFD00A54C36 /* yellowIOS.png in Resources */,
				842986EF1C614EDD00D78371 /* Main.storyboard in Resources */,
				84F2840B1CD697430074E07A /* solicitudesp.png in Resources */,
				84F3041D1CC7F14C009EAEF8 /* fondoUT@2x.png in Resources */,
				84F748571CB5B9680014B07D /* llamartest.png in Resources */,
				84609F601C758E6F0056A282 /* taxi_libre.png in Resources */,
				84609F311C758E6F0056A282 /* dbuton3.png in Resources */,
				84EFA5CE1CA8CC88004E8578 /* aceptarTest161x50.png in Resources */,
				84FE64CD1CC919A20099A06C /* AccesoSistema.png in Resources */,
				B5EC43E21D1D89EC009EDF4F /* Solicitud.png in Resources */,
				84B9E07D1CC93E5700A96814 /* Encabezado.png in Resources */,
				84609F321C758E6F0056A282 /* dclock.png in Resources */,
				84794F9E1CCA7DCC00C4DD33 /* encabezadosIOS@2x.png in Resources */,
				84EF6E701CB4245F00BC8A04 /* starimage.png in Resources */,
				84F0EEC91CA5D102007E969F /* ExplicacionIma.png in Resources */,
				84609F541C758E6F0056A282 /* rbutoff.png in Resources */,
				84609F5A1C758E6F0056A282 /* saliroff.png in Resources */,
				84EB25641CAA43230003E834 /* aceptarTest.png in Resources */,
				84F1F6B21CACCA87001C46FB /* OpcionesTest.png in Resources */,
				84CD977C1C877E6900E658C0 /* ic_sol1 copia.png in Resources */,
				84F7469A1CA25F6300AEFC85 /* formSolici.png in Resources */,
				B5EC43E71D1DC0D7009EDF4F /* piemenu.png in Resources */,
				84F3F5081CB853C500AEDF31 /* fondoUT.png in Resources */,
				84609F351C758E6F0056A282 /* destino2.png in Resources */,
				84F83E711CC994DB00FDC18D /* AccesoSistema@2x.png in Resources */,
				84F304201CC7F77A009EAEF8 /* fondoUT@3x.png in Resources */,
				84F229791CE3C4E600D492AA /* Launch Screen.storyboard in Resources */,
				84EFA5CF1CA8CC88004E8578 /* cancelarTest161x50.png in Resources */,
				B5FB646C1D1C60C3006A2C70 /* Mapacopia.png in Resources */,
				84609F5D1C758E6F0056A282 /* saliron2.png in Resources */,
				84F28A2D1CC13DE600529F53 /* ic_vecino@2x.png in Resources */,
				84F5090F1CA895130032D487 /* CancelarTest.png in Resources */,
				84609F341C758E6F0056A282 /* destino.png in Resources */,
				84609F4F1C758E6F0056A282 /* origen.png in Resources */,
				84F5868F1CA5217E004AC03C /* prueba.png in Resources */,
				84F493D31CA11C8800A54C36 /* encabezadosIOS.png in Resources */,
				84609F521C758E6F0056A282 /* phoneon.png in Resources */,
				84609F461C758E6F0056A282 /* ic_launcher-1.png in Resources */,
				84609F4A1C758E6F0056A282 /* logpassfondo.png in Resources */,
				84609F331C758E6F0056A282 /* ddistancia.png in Resources */,
				84609F361C758E6F0056A282 /* dmony.png in Resources */,
				84F019471CD1AA6A002D1BDE /* Taximetro.png in Resources */,
				84EFA5C71CA8C56F004E8578 /* DatosCondTest.png in Resources */,
				84F28A321CC14F1700529F53 /* logpassfondo@2X.png in Resources */,
				84609F531C758E6F0056A282 /* pulsa.png in Resources */,
				8462408F1BEABBB800F272D5 /* Entitlements.plist in Resources */,
				84F28A2C1CC13DE600529F53 /* ic_vecino.png in Resources */,
				84609F591C758E6F0056A282 /* rrmapon.png in Resources */,
				84B9E0811CC93F5400A96814 /* Pie.png in Resources */,
				84F28A281CC13CC400529F53 /* Images-5.xcassets in Resources */,
				84F019451CD18E56002D1BDE /* Mapa.png in Resources */,
				84F6AC5A1CE27B3E0037604D /* untaxi.png in Resources */,
				84F22CA41CDBEB0300CDC432 /* Voz.png in Resources */,
				84609F2E1C758E6F0056A282 /* cbutoff.png in Resources */,
				84609F301C758E6F0056A282 /* dbutoff3.png in Resources */,
				84F7E3831CB389A6008D4713 /* stargris.png in Resources */,
				84F08BE81CA71B7B00EB2919 /* BlueIOS.png in Resources */,
				84609F481C758E6F0056A282 /* ic_sol.png in Resources */,
				84F28A2E1CC13DE600529F53 /* ic_vecino@3x.png in Resources */,
				84F9692F1CCBF01900B32C2C /* Gris.png in Resources */,
				84609F511C758E6F0056A282 /* phoneoff.png in Resources */,
				84F493D71CA137AD00A54C36 /* solpendientes.png in Resources */,
				B5FB646D1D1C60C3006A2C70 /* salir2copia.png in Resources */,
				84F4F8F31CDF045D0090FDD9 /* selectmenu.png in Resources */,
				84609F551C758E6F0056A282 /* rbuton.png in Resources */,
				84F1F6B31CACCA87001C46FB /* OpcionSelecTest.png in Resources */,
				84609F501C758E6F0056A282 /* origen2.png in Resources */,
				84F509201CA8A4700032D487 /* AceptarSoloTest.png in Resources */,
				84F9D2C61CDE8850008F1E10 /* calcular.png in Resources */,
				84F2297D1CE3C93D00D492AA /* Launch.png in Resources */,
				84F019411CD183BE002D1BDE /* sos.png in Resources */,
				84609F471C758E6F0056A282 /* ic_salir2.png in Resources */,
				84609F581C758E6F0056A282 /* rrmapoff.png in Resources */,
				84609F2A1C758E6F0056A282 /* back.png in Resources */,
				84F7E3851CB38C04008D4713 /* stardorada.png in Resources */,
				845C0F521C7633EF0050F852 /* chofer.png in Resources */,
				84609F5F1C758E6F0056A282 /* sinconexion.png in Resources */,
				B5FB646F1D1C60C3006A2C70 /* Tarifariocopia.png in Resources */,
				84609F2D1C758E6F0056A282 /* calendar.png in Resources */,
				B5FB646E1D1C60C3006A2C70 /* solicitudespcopia.png in Resources */,
				84F7469E1CA2685500AEFC85 /* alerta.png in Resources */,
				84609F5C1C758E6F0056A282 /* saliron.png in Resources */,
				B5FB64701D1C60C3006A2C70 /* Taximetrocopia.png in Resources */,
				84F28A381CC1672100529F53 /* destino2@2x.png in Resources */,
				84609F2F1C758E6F0056A282 /* cbuton.png in Resources */,
				84609F621C758E6F0056A282 /* warning.png in Resources */,
				84609F5B1C758E6F0056A282 /* saliroff2.png in Resources */,
				84F1DC1A1CA41F8B00B859FE /* detalles.png in Resources */,
				8430E3431C76E18700B85444 /* ic_sol1.png in Resources */,
				84F019491CD1B780002D1BDE /* Tarifario.png in Resources */,
				84CD97801C87C36E00E658C0 /* Contents.json in Resources */,
				84609F281C758E6F0056A282 /* aceptar1off.png in Resources */,
				84794F9F1CCA7DCC00C4DD33 /* encabezadosIOS@3x.png in Resources */,
				84F28A361CC1635500529F53 /* origen2@2x.png in Resources */,
				84609F5E1C758E6F0056A282 /* separador.png in Resources */,
				84609F291C758E6F0056A282 /* aceptar1on.png in Resources */,
				84609F2C1C758E6F0056A282 /* bbuton.png in Resources */,
				84F509121CA897560032D487 /* EvaluarTest.png in Resources */,
			);
			runOnlyForDeploymentPostprocessing = 0;
		};
		84F571551BCE958200FC18D5 /* Resources */ = {
			isa = PBXResourcesBuildPhase;
			buildActionMask = 2147483647;
			files = (
			);
			runOnlyForDeploymentPostprocessing = 0;
		};
		84F571601BCE958200FC18D5 /* Resources */ = {
			isa = PBXResourcesBuildPhase;
			buildActionMask = 2147483647;
			files = (
			);
			runOnlyForDeploymentPostprocessing = 0;
		};
/* End PBXResourcesBuildPhase section */

/* Begin PBXShellScriptBuildPhase section */
		12D55C841B9F8B2EA20182FC /* Copy Pods Resources */ = {
			isa = PBXShellScriptBuildPhase;
			buildActionMask = 2147483647;
			files = (
			);
			inputPaths = (
			);
			name = "Copy Pods Resources";
			outputPaths = (
			);
			runOnlyForDeploymentPostprocessing = 0;
			shellPath = /bin/sh;
			shellScript = "\"${SRCROOT}/Pods/Target Support Files/Pods/Pods-resources.sh\"\n";
			showEnvVarsInLog = 0;
		};
		93794A4E94289F25FE36D102 /* Check Pods Manifest.lock */ = {
			isa = PBXShellScriptBuildPhase;
			buildActionMask = 2147483647;
			files = (
			);
			inputPaths = (
			);
			name = "Check Pods Manifest.lock";
			outputPaths = (
			);
			runOnlyForDeploymentPostprocessing = 0;
			shellPath = /bin/sh;
			shellScript = "diff \"${PODS_ROOT}/../Podfile.lock\" \"${PODS_ROOT}/Manifest.lock\" > /dev/null\nif [[ $? != 0 ]] ; then\n    cat << EOM\nerror: The sandbox is not in sync with the Podfile.lock. Run 'pod install' or update your CocoaPods installation.\nEOM\n    exit 1\nfi\n";
			showEnvVarsInLog = 0;
		};
		D29486F2E230F129507438AA /* Embed Pods Frameworks */ = {
			isa = PBXShellScriptBuildPhase;
			buildActionMask = 2147483647;
			files = (
			);
			inputPaths = (
			);
			name = "Embed Pods Frameworks";
			outputPaths = (
			);
			runOnlyForDeploymentPostprocessing = 0;
			shellPath = /bin/sh;
			shellScript = "\"${SRCROOT}/Pods/Target Support Files/Pods/Pods-frameworks.sh\"\n";
			showEnvVarsInLog = 0;
		};
/* End PBXShellScriptBuildPhase section */

/* Begin PBXSourcesBuildPhase section */
		84F5713F1BCE958200FC18D5 /* Sources */ = {
			isa = PBXSourcesBuildPhase;
			buildActionMask = 2147483647;
			files = (
				84F571491BCE958200FC18D5 /* ViewController.swift in Sources */,
				845AADE31C543CC400D4FFA4 /* CConductor.swift in Sources */,
				84F2E9891C9B18D60075BC72 /* PantallaInicio.swift in Sources */,
				84F0D9FD1C5BB52C00C7E962 /* CSolicitud.swift in Sources */,
				84F571791BCF6CEE00FC18D5 /* CSocket.swift in Sources */,
				8461A43A1C98743D00A8CFD0 /* CRuta.swift in Sources */,
				84F7E37F1CB38159008D4713 /* CEvaluacion.swift in Sources */,
				8466FDF61C626EF9002C23DB /* CSolPendiente.swift in Sources */,
				84F571751BCE964100FC18D5 /* CCliente.swift in Sources */,
				84F571471BCE958200FC18D5 /* AppDelegate.swift in Sources */,
				84FC18E71C7D0784000E5407 /* CAlerta.swift in Sources */,
				845AADE11C543B8700D4FFA4 /* CTaxi.swift in Sources */,
				B5EDE7FB1D1EC225004E130E /* CTarifario.swift in Sources */,
				844E394C1C650EE7009EF09F /* PantallaSolic.swift in Sources */,
				84F22CA81CDC117300CDC432 /* CSMSVoz.swift in Sources */,
				84C8E9261C82566C00F21E0B /* LocationManager.swift in Sources */,
				84FEE8921CC403630095C322 /* CTarifa.swift in Sources */,
			);
			runOnlyForDeploymentPostprocessing = 0;
		};
		84F571531BCE958200FC18D5 /* Sources */ = {
			isa = PBXSourcesBuildPhase;
			buildActionMask = 2147483647;
			files = (
				84F5715C1BCE958200FC18D5 /* XtaxiTests.swift in Sources */,
			);
			runOnlyForDeploymentPostprocessing = 0;
		};
		84F5715E1BCE958200FC18D5 /* Sources */ = {
			isa = PBXSourcesBuildPhase;
			buildActionMask = 2147483647;
			files = (
				84F571671BCE958200FC18D5 /* XtaxiUITests.swift in Sources */,
			);
			runOnlyForDeploymentPostprocessing = 0;
		};
/* End PBXSourcesBuildPhase section */

/* Begin PBXTargetDependency section */
		84F571591BCE958200FC18D5 /* PBXTargetDependency */ = {
			isa = PBXTargetDependency;
			target = 84F571421BCE958200FC18D5 /* XTaxi */;
			targetProxy = 84F571581BCE958200FC18D5 /* PBXContainerItemProxy */;
		};
		84F571641BCE958200FC18D5 /* PBXTargetDependency */ = {
			isa = PBXTargetDependency;
			target = 84F571421BCE958200FC18D5 /* XTaxi */;
			targetProxy = 84F571631BCE958200FC18D5 /* PBXContainerItemProxy */;
		};
/* End PBXTargetDependency section */

/* Begin PBXVariantGroup section */
		842986ED1C614EDD00D78371 /* Main.storyboard */ = {
			isa = PBXVariantGroup;
			children = (
				842986EE1C614EDD00D78371 /* Base */,
			);
			name = Main.storyboard;
			sourceTree = "<group>";
		};
/* End PBXVariantGroup section */

/* Begin XCBuildConfiguration section */
		84F571691BCE958200FC18D5 /* Debug */ = {
			isa = XCBuildConfiguration;
			buildSettings = {
				ALWAYS_SEARCH_USER_PATHS = NO;
				CLANG_CXX_LANGUAGE_STANDARD = "gnu++0x";
				CLANG_CXX_LIBRARY = "libc++";
				CLANG_ENABLE_MODULES = YES;
				CLANG_ENABLE_OBJC_ARC = YES;
				CLANG_WARN_BOOL_CONVERSION = YES;
				CLANG_WARN_CONSTANT_CONVERSION = YES;
				CLANG_WARN_DIRECT_OBJC_ISA_USAGE = YES_ERROR;
				CLANG_WARN_EMPTY_BODY = YES;
				CLANG_WARN_ENUM_CONVERSION = YES;
				CLANG_WARN_INT_CONVERSION = YES;
				CLANG_WARN_OBJC_ROOT_CLASS = YES_ERROR;
				CLANG_WARN_UNREACHABLE_CODE = YES;
				CLANG_WARN__DUPLICATE_METHOD_MATCH = YES;
				"CODE_SIGN_IDENTITY[sdk=iphoneos*]" = "iPhone Developer";
				COPY_PHASE_STRIP = NO;
				DEBUG_INFORMATION_FORMAT = dwarf;
				ENABLE_STRICT_OBJC_MSGSEND = YES;
				ENABLE_TESTABILITY = YES;
				GCC_C_LANGUAGE_STANDARD = gnu99;
				GCC_DYNAMIC_NO_PIC = NO;
				GCC_NO_COMMON_BLOCKS = YES;
				GCC_OPTIMIZATION_LEVEL = 0;
				GCC_PREPROCESSOR_DEFINITIONS = (
					"DEBUG=1",
					"$(inherited)",
				);
				GCC_WARN_64_TO_32_BIT_CONVERSION = YES;
				GCC_WARN_ABOUT_RETURN_TYPE = YES_ERROR;
				GCC_WARN_UNDECLARED_SELECTOR = YES;
				GCC_WARN_UNINITIALIZED_AUTOS = YES_AGGRESSIVE;
				GCC_WARN_UNUSED_FUNCTION = YES;
				GCC_WARN_UNUSED_VARIABLE = YES;
				IPHONEOS_DEPLOYMENT_TARGET = 9.0;
				MTL_ENABLE_DEBUG_INFO = YES;
				ONLY_ACTIVE_ARCH = YES;
				SDKROOT = iphoneos;
				SWIFT_OPTIMIZATION_LEVEL = "-Onone";
			};
			name = Debug;
		};
		84F5716A1BCE958200FC18D5 /* Release */ = {
			isa = XCBuildConfiguration;
			buildSettings = {
				ALWAYS_SEARCH_USER_PATHS = NO;
				CLANG_CXX_LANGUAGE_STANDARD = "gnu++0x";
				CLANG_CXX_LIBRARY = "libc++";
				CLANG_ENABLE_MODULES = YES;
				CLANG_ENABLE_OBJC_ARC = YES;
				CLANG_WARN_BOOL_CONVERSION = YES;
				CLANG_WARN_CONSTANT_CONVERSION = YES;
				CLANG_WARN_DIRECT_OBJC_ISA_USAGE = YES_ERROR;
				CLANG_WARN_EMPTY_BODY = YES;
				CLANG_WARN_ENUM_CONVERSION = YES;
				CLANG_WARN_INT_CONVERSION = YES;
				CLANG_WARN_OBJC_ROOT_CLASS = YES_ERROR;
				CLANG_WARN_UNREACHABLE_CODE = YES;
				CLANG_WARN__DUPLICATE_METHOD_MATCH = YES;
				"CODE_SIGN_IDENTITY[sdk=iphoneos*]" = "iPhone Developer";
				COPY_PHASE_STRIP = NO;
				DEBUG_INFORMATION_FORMAT = "dwarf-with-dsym";
				ENABLE_NS_ASSERTIONS = NO;
				ENABLE_STRICT_OBJC_MSGSEND = YES;
				GCC_C_LANGUAGE_STANDARD = gnu99;
				GCC_NO_COMMON_BLOCKS = YES;
				GCC_WARN_64_TO_32_BIT_CONVERSION = YES;
				GCC_WARN_ABOUT_RETURN_TYPE = YES_ERROR;
				GCC_WARN_UNDECLARED_SELECTOR = YES;
				GCC_WARN_UNINITIALIZED_AUTOS = YES_AGGRESSIVE;
				GCC_WARN_UNUSED_FUNCTION = YES;
				GCC_WARN_UNUSED_VARIABLE = YES;
				IPHONEOS_DEPLOYMENT_TARGET = 9.0;
				MTL_ENABLE_DEBUG_INFO = NO;
				SDKROOT = iphoneos;
				VALIDATE_PRODUCT = YES;
			};
			name = Release;
		};
		84F5716C1BCE958200FC18D5 /* Debug */ = {
			isa = XCBuildConfiguration;
			baseConfigurationReference = 21A9D1A1EECEDF7E36EF4F2D /* Pods.debug.xcconfig */;
			buildSettings = {
				ASSETCATALOG_COMPILER_APPICON_NAME = AppIcon;
				CODE_SIGN_ENTITLEMENTS = Entitlements.plist;
				CODE_SIGN_IDENTITY = "iPhone Developer";
				"CODE_SIGN_IDENTITY[sdk=iphoneos*]" = "iPhone Developer";
				ENABLE_BITCODE = NO;
				FRAMEWORK_SEARCH_PATHS = (
					"$(inherited)",
					"$(PROJECT_DIR)/Pods/GoogleMaps/Frameworks",
				);
				INFOPLIST_FILE = Xtaxi/Info.plist;
				IPHONEOS_DEPLOYMENT_TARGET = 8.0;
				LD_RUNPATH_SEARCH_PATHS = "$(inherited) @executable_path/Frameworks";
				PRODUCT_BUNDLE_IDENTIFIER = XTaxi;
				PRODUCT_NAME = XTaxi.temp_caseinsensitive_rename;
				PROVISIONING_PROFILE = "";
				TARGETED_DEVICE_FAMILY = "1,2";
			};
			name = Debug;
		};
		84F5716D1BCE958200FC18D5 /* Release */ = {
			isa = XCBuildConfiguration;
			baseConfigurationReference = C6E3C8FA07E97EE50D7AB02C /* Pods.release.xcconfig */;
			buildSettings = {
				ASSETCATALOG_COMPILER_APPICON_NAME = AppIcon;
				CODE_SIGN_ENTITLEMENTS = Entitlements.plist;
				CODE_SIGN_IDENTITY = "iPhone Developer";
				"CODE_SIGN_IDENTITY[sdk=iphoneos*]" = "iPhone Developer";
				ENABLE_BITCODE = NO;
				FRAMEWORK_SEARCH_PATHS = (
					"$(inherited)",
					"$(PROJECT_DIR)/Pods/GoogleMaps/Frameworks",
				);
				INFOPLIST_FILE = Xtaxi/Info.plist;
				IPHONEOS_DEPLOYMENT_TARGET = 8.0;
				LD_RUNPATH_SEARCH_PATHS = "$(inherited) @executable_path/Frameworks";
				PRODUCT_BUNDLE_IDENTIFIER = XTaxi;
				PRODUCT_NAME = XTaxi.temp_caseinsensitive_rename;
				PROVISIONING_PROFILE = "";
				TARGETED_DEVICE_FAMILY = "1,2";
			};
			name = Release;
		};
		84F5716F1BCE958200FC18D5 /* Debug */ = {
			isa = XCBuildConfiguration;
			buildSettings = {
				BUNDLE_LOADER = "$(TEST_HOST)";
				INFOPLIST_FILE = XtaxiTests/Info.plist;
				LD_RUNPATH_SEARCH_PATHS = "$(inherited) @executable_path/Frameworks @loader_path/Frameworks";
				PRODUCT_BUNDLE_IDENTIFIER = XOA.XtaxiTests;
				PRODUCT_NAME = XTaxi.temp_caseinsensitive_rename;
				TEST_HOST = "$(BUILT_PRODUCTS_DIR)/XTaxi.temp_caseinsensitive_rename.app/XTaxi.temp_caseinsensitive_rename";
			};
			name = Debug;
		};
		84F571701BCE958200FC18D5 /* Release */ = {
			isa = XCBuildConfiguration;
			buildSettings = {
				BUNDLE_LOADER = "$(TEST_HOST)";
				INFOPLIST_FILE = XtaxiTests/Info.plist;
				LD_RUNPATH_SEARCH_PATHS = "$(inherited) @executable_path/Frameworks @loader_path/Frameworks";
				PRODUCT_BUNDLE_IDENTIFIER = XOA.XtaxiTests;
				PRODUCT_NAME = XTaxi.temp_caseinsensitive_rename;
				TEST_HOST = "$(BUILT_PRODUCTS_DIR)/XTaxi.temp_caseinsensitive_rename.app/XTaxi.temp_caseinsensitive_rename";
			};
			name = Release;
		};
		84F571721BCE958200FC18D5 /* Debug */ = {
			isa = XCBuildConfiguration;
			buildSettings = {
				INFOPLIST_FILE = XtaxiUITests/Info.plist;
				LD_RUNPATH_SEARCH_PATHS = "$(inherited) @executable_path/Frameworks @loader_path/Frameworks";
				PRODUCT_BUNDLE_IDENTIFIER = XOA.XtaxiUITests;
				PRODUCT_NAME = XTaxi.temp_caseinsensitive_rename;
				TEST_TARGET_NAME = Xtaxi;
				USES_XCTRUNNER = YES;
			};
			name = Debug;
		};
		84F571731BCE958200FC18D5 /* Release */ = {
			isa = XCBuildConfiguration;
			buildSettings = {
				INFOPLIST_FILE = XtaxiUITests/Info.plist;
				LD_RUNPATH_SEARCH_PATHS = "$(inherited) @executable_path/Frameworks @loader_path/Frameworks";
				PRODUCT_BUNDLE_IDENTIFIER = XOA.XtaxiUITests;
				PRODUCT_NAME = XTaxi.temp_caseinsensitive_rename;
				TEST_TARGET_NAME = Xtaxi;
				USES_XCTRUNNER = YES;
			};
			name = Release;
		};
/* End XCBuildConfiguration section */

/* Begin XCConfigurationList section */
		84F5713E1BCE958200FC18D5 /* Build configuration list for PBXProject "XTaxi" */ = {
			isa = XCConfigurationList;
			buildConfigurations = (
				84F571691BCE958200FC18D5 /* Debug */,
				84F5716A1BCE958200FC18D5 /* Release */,
			);
			defaultConfigurationIsVisible = 0;
			defaultConfigurationName = Release;
		};
		84F5716B1BCE958200FC18D5 /* Build configuration list for PBXNativeTarget "XTaxi" */ = {
			isa = XCConfigurationList;
			buildConfigurations = (
				84F5716C1BCE958200FC18D5 /* Debug */,
				84F5716D1BCE958200FC18D5 /* Release */,
			);
			defaultConfigurationIsVisible = 0;
			defaultConfigurationName = Release;
		};
		84F5716E1BCE958200FC18D5 /* Build configuration list for PBXNativeTarget "XTaxiTests" */ = {
			isa = XCConfigurationList;
			buildConfigurations = (
				84F5716F1BCE958200FC18D5 /* Debug */,
				84F571701BCE958200FC18D5 /* Release */,
			);
			defaultConfigurationIsVisible = 0;
			defaultConfigurationName = Release;
		};
		84F571711BCE958200FC18D5 /* Build configuration list for PBXNativeTarget "XTaxiUITests" */ = {
			isa = XCConfigurationList;
			buildConfigurations = (
				84F571721BCE958200FC18D5 /* Debug */,
				84F571731BCE958200FC18D5 /* Release */,
			);
			defaultConfigurationIsVisible = 0;
			defaultConfigurationName = Release;
		};
/* End XCConfigurationList section */
	};
	rootObject = 84F5713B1BCE958200FC18D5 /* Project object */;
}
